// !$*UTF8*$!
{
	archiveVersion = 1;
	classes = {
	};
	objectVersion = 42;
	objects = {

/* Begin PBXBuildFile section */
		36C155EF1575A61F0090EC48 /* FSSnapshotTool.nib in Resources */ = {isa = PBXBuildFile; fileRef = 6837DB630CEA9C4B00EC448F /* FSSnapshotTool.nib */; };
		36C155F11575A61F0090EC48 /* InfoPlist.strings in Resources */ = {isa = PBXBuildFile; fileRef = 089C167DFE841241C02AAC07 /* InfoPlist.strings */; };
		36C155F31575A64D0090EC48 /* Cocoa.framework in Frameworks */ = {isa = PBXBuildFile; fileRef = 36C155F21575A64D0090EC48 /* Cocoa.framework */; };
		36C155F41575A6570090EC48 /* FSSnapshotTool.m in Sources */ = {isa = PBXBuildFile; fileRef = 6837DB5B0CEA9C4300EC448F /* FSSnapshotTool.m */; };
/* End PBXBuildFile section */

/* Begin PBXFileReference section */
		089C1672FE841209C02AAC07 /* Foundation.framework */ = {isa = PBXFileReference; lastKnownFileType = wrapper.framework; name = Foundation.framework; path = /System/Library/Frameworks/Foundation.framework; sourceTree = "<absolute>"; };
		089C167EFE841241C02AAC07 /* English */ = {isa = PBXFileReference; fileEncoding = 10; lastKnownFileType = text.plist.strings; name = English; path = English.lproj/InfoPlist.strings; sourceTree = "<group>"; };
		089C167FFE841241C02AAC07 /* AppKit.framework */ = {isa = PBXFileReference; lastKnownFileType = wrapper.framework; name = AppKit.framework; path = /System/Library/Frameworks/AppKit.framework; sourceTree = "<absolute>"; };
		1058C7ADFEA557BF11CA2CBB /* Cocoa.framework */ = {isa = PBXFileReference; lastKnownFileType = wrapper.framework; name = Cocoa.framework; path = /System/Library/Frameworks/Cocoa.framework; sourceTree = "<absolute>"; };
		32DBCF630370AF2F00C91783 /* FSTraceTool_Prefix.pch */ = {isa = PBXFileReference; fileEncoding = 4; lastKnownFileType = sourcecode.c.h; path = FSTraceTool_Prefix.pch; sourceTree = "<group>"; };
		36C155E11575A5E20090EC48 /* FSSnapshot.bundle */ = {isa = PBXFileReference; explicitFileType = wrapper.cfbundle; includeInIndex = 0; path = FSSnapshot.bundle; sourceTree = BUILT_PRODUCTS_DIR; };
		36C155E31575A5E20090EC48 /* CoreFoundation.framework */ = {isa = PBXFileReference; lastKnownFileType = wrapper.framework; name = CoreFoundation.framework; path = System/Library/Frameworks/CoreFoundation.framework; sourceTree = SDKROOT; };
		36C155E71575A5E20090EC48 /* FSSnapshot-Info.plist */ = {isa = PBXFileReference; lastKnownFileType = text.plist.xml; path = "FSSnapshot-Info.plist"; sourceTree = "<group>"; };
		36C155E91575A5E20090EC48 /* en */ = {isa = PBXFileReference; lastKnownFileType = text.plist.strings; name = en; path = en.lproj/InfoPlist.strings; sourceTree = "<group>"; };
		36C155EB1575A5E20090EC48 /* FSSnapshot-Prefix.pch */ = {isa = PBXFileReference; lastKnownFileType = sourcecode.c.h; path = "FSSnapshot-Prefix.pch"; sourceTree = "<group>"; };
		36C155F21575A64D0090EC48 /* Cocoa.framework */ = {isa = PBXFileReference; lastKnownFileType = wrapper.framework; name = Cocoa.framework; path = System/Library/Frameworks/Cocoa.framework; sourceTree = SDKROOT; };
		6837DB5A0CEA9C4300EC448F /* FSSnapshotTool.h */ = {isa = PBXFileReference; fileEncoding = 30; lastKnownFileType = sourcecode.c.h; path = FSSnapshotTool.h; sourceTree = "<group>"; };
		6837DB5B0CEA9C4300EC448F /* FSSnapshotTool.m */ = {isa = PBXFileReference; fileEncoding = 30; lastKnownFileType = sourcecode.c.objc; path = FSSnapshotTool.m; sourceTree = "<group>"; };
		6837DB630CEA9C4B00EC448F /* FSSnapshotTool.nib */ = {isa = PBXFileReference; lastKnownFileType = wrapper.nib; path = FSSnapshotTool.nib; sourceTree = "<group>"; };
		68BFD52E0DA5946000325B56 /* FSViewerData.h */ = {isa = PBXFileReference; fileEncoding = 4; lastKnownFileType = sourcecode.c.h; path = FSViewerData.h; sourceTree = "<group>"; };
		68BFD52F0DA5946000325B56 /* FSViewer.h */ = {isa = PBXFileReference; fileEncoding = 4; lastKnownFileType = sourcecode.c.h; path = FSViewer.h; sourceTree = "<group>"; };
		68BFD5300DA5946000325B56 /* FSColorWidget.h */ = {isa = PBXFileReference; fileEncoding = 4; lastKnownFileType = sourcecode.c.h; path = FSColorWidget.h; sourceTree = "<group>"; };
		68BFD5FF0DA5EFD300325B56 /* FSTool.h */ = {isa = PBXFileReference; fileEncoding = 4; lastKnownFileType = sourcecode.c.h; path = FSTool.h; sourceTree = "<group>"; };
		8D5B49B7048680CD000E48DA /* Info.plist */ = {isa = PBXFileReference; fileEncoding = 4; lastKnownFileType = text.plist.xml; path = Info.plist; sourceTree = "<group>"; };
		D2F7E65807B2D6F200F64583 /* CoreData.framework */ = {isa = PBXFileReference; lastKnownFileType = wrapper.framework; name = CoreData.framework; path = /System/Library/Frameworks/CoreData.framework; sourceTree = "<absolute>"; };
/* End PBXFileReference section */

/* Begin PBXFrameworksBuildPhase section */
		36C155DE1575A5E20090EC48 /* Frameworks */ = {
			isa = PBXFrameworksBuildPhase;
			buildActionMask = 2147483647;
			files = (
				36C155F31575A64D0090EC48 /* Cocoa.framework in Frameworks */,
			);
			runOnlyForDeploymentPostprocessing = 0;
		};
/* End PBXFrameworksBuildPhase section */

/* Begin PBXGroup section */
		089C166AFE841209C02AAC07 /* FSTraceTool */ = {
			isa = PBXGroup;
			children = (
				36C155F21575A64D0090EC48 /* Cocoa.framework */,
				08FB77AFFE84173DC02AAC07 /* Classes */,
				32C88E010371C26100C91783 /* Other Sources */,
				089C167CFE841241C02AAC07 /* Resources */,
				089C1671FE841209C02AAC07 /* Frameworks and Libraries */,
				36C155E51575A5E20090EC48 /* FSSnapshot */,
				36C155E21575A5E20090EC48 /* Frameworks */,
				19C28FB8FE9D52D311CA2CBB /* Products */,
			);
			name = FSTraceTool;
			sourceTree = "<group>";
		};
		089C1671FE841209C02AAC07 /* Frameworks and Libraries */ = {
			isa = PBXGroup;
			children = (
				1058C7ACFEA557BF11CA2CBB /* Linked Frameworks */,
				1058C7AEFEA557BF11CA2CBB /* Other Frameworks */,
			);
			name = "Frameworks and Libraries";
			sourceTree = "<group>";
		};
		089C167CFE841241C02AAC07 /* Resources */ = {
			isa = PBXGroup;
			children = (
				6837DB630CEA9C4B00EC448F /* FSSnapshotTool.nib */,
				8D5B49B7048680CD000E48DA /* Info.plist */,
				089C167DFE841241C02AAC07 /* InfoPlist.strings */,
			);
			name = Resources;
			sourceTree = "<group>";
		};
		08FB77AFFE84173DC02AAC07 /* Classes */ = {
			isa = PBXGroup;
			children = (
				68BFD52E0DA5946000325B56 /* FSViewerData.h */,
				68BFD5FF0DA5EFD300325B56 /* FSTool.h */,
				68BFD52F0DA5946000325B56 /* FSViewer.h */,
				68BFD5300DA5946000325B56 /* FSColorWidget.h */,
				6837DB5A0CEA9C4300EC448F /* FSSnapshotTool.h */,
				6837DB5B0CEA9C4300EC448F /* FSSnapshotTool.m */,
			);
			name = Classes;
			sourceTree = "<group>";
		};
		1058C7ACFEA557BF11CA2CBB /* Linked Frameworks */ = {
			isa = PBXGroup;
			children = (
				1058C7ADFEA557BF11CA2CBB /* Cocoa.framework */,
			);
			name = "Linked Frameworks";
			sourceTree = "<group>";
		};
		1058C7AEFEA557BF11CA2CBB /* Other Frameworks */ = {
			isa = PBXGroup;
			children = (
				089C167FFE841241C02AAC07 /* AppKit.framework */,
				D2F7E65807B2D6F200F64583 /* CoreData.framework */,
				089C1672FE841209C02AAC07 /* Foundation.framework */,
			);
			name = "Other Frameworks";
			sourceTree = "<group>";
		};
		19C28FB8FE9D52D311CA2CBB /* Products */ = {
			isa = PBXGroup;
			children = (
				36C155E11575A5E20090EC48 /* FSSnapshot.bundle */,
			);
			name = Products;
			sourceTree = "<group>";
		};
		32C88E010371C26100C91783 /* Other Sources */ = {
			isa = PBXGroup;
			children = (
				32DBCF630370AF2F00C91783 /* FSTraceTool_Prefix.pch */,
			);
			name = "Other Sources";
			sourceTree = "<group>";
		};
		36C155E21575A5E20090EC48 /* Frameworks */ = {
			isa = PBXGroup;
			children = (
				36C155E31575A5E20090EC48 /* CoreFoundation.framework */,
			);
			name = Frameworks;
			sourceTree = "<group>";
		};
		36C155E51575A5E20090EC48 /* FSSnapshot */ = {
			isa = PBXGroup;
			children = (
				36C155E61575A5E20090EC48 /* Supporting Files */,
			);
			path = FSSnapshot;
			sourceTree = "<group>";
		};
		36C155E61575A5E20090EC48 /* Supporting Files */ = {
			isa = PBXGroup;
			children = (
				36C155E71575A5E20090EC48 /* FSSnapshot-Info.plist */,
				36C155E81575A5E20090EC48 /* InfoPlist.strings */,
				36C155EB1575A5E20090EC48 /* FSSnapshot-Prefix.pch */,
			);
			name = "Supporting Files";
			sourceTree = "<group>";
		};
/* End PBXGroup section */

/* Begin PBXNativeTarget section */
		36C155E01575A5E20090EC48 /* FSSnapshotTool */ = {
			isa = PBXNativeTarget;
			buildConfigurationList = 36C155EC1575A5E20090EC48 /* Build configuration list for PBXNativeTarget "FSSnapshotTool" */;
			buildPhases = (
				36C155DF1575A5E20090EC48 /* Resources */,
				36C155DD1575A5E20090EC48 /* Sources */,
				36C155DE1575A5E20090EC48 /* Frameworks */,
			);
			buildRules = (
			);
			dependencies = (
			);
			name = FSSnapshotTool;
			productName = FSSnapshot;
			productReference = 36C155E11575A5E20090EC48 /* FSSnapshot.bundle */;
			productType = "com.apple.product-type.bundle";
		};
/* End PBXNativeTarget section */

/* Begin PBXProject section */
		089C1669FE841209C02AAC07 /* Project object */ = {
			isa = PBXProject;
			buildConfigurationList = 1DEB913E08733D840010E9CD /* Build configuration list for PBXProject "FSSnapshot" */;
			compatibilityVersion = "Xcode 2.4";
			developmentRegion = English;
			hasScannedForEncodings = 1;
			knownRegions = (
				en,
			);
			mainGroup = 089C166AFE841209C02AAC07 /* FSTraceTool */;
			projectDirPath = "";
			projectRoot = "";
			targets = (
				36C155E01575A5E20090EC48 /* FSSnapshotTool */,
			);
		};
/* End PBXProject section */

/* Begin PBXResourcesBuildPhase section */
		36C155DF1575A5E20090EC48 /* Resources */ = {
			isa = PBXResourcesBuildPhase;
			buildActionMask = 2147483647;
			files = (
				36C155EF1575A61F0090EC48 /* FSSnapshotTool.nib in Resources */,
				36C155F11575A61F0090EC48 /* InfoPlist.strings in Resources */,
			);
			runOnlyForDeploymentPostprocessing = 0;
		};
/* End PBXResourcesBuildPhase section */

/* Begin PBXSourcesBuildPhase section */
		36C155DD1575A5E20090EC48 /* Sources */ = {
			isa = PBXSourcesBuildPhase;
			buildActionMask = 2147483647;
			files = (
				36C155F41575A6570090EC48 /* FSSnapshotTool.m in Sources */,
			);
			runOnlyForDeploymentPostprocessing = 0;
		};
/* End PBXSourcesBuildPhase section */

/* Begin PBXVariantGroup section */
		089C167DFE841241C02AAC07 /* InfoPlist.strings */ = {
			isa = PBXVariantGroup;
			children = (
				089C167EFE841241C02AAC07 /* English */,
			);
			name = InfoPlist.strings;
			sourceTree = "<group>";
		};
		36C155E81575A5E20090EC48 /* InfoPlist.strings */ = {
			isa = PBXVariantGroup;
			children = (
				36C155E91575A5E20090EC48 /* en */,
			);
			name = InfoPlist.strings;
			sourceTree = "<group>";
		};
/* End PBXVariantGroup section */

/* Begin XCBuildConfiguration section */
		1DEB913F08733D840010E9CD /* Debug */ = {
			isa = XCBuildConfiguration;
			buildSettings = {
				GCC_WARN_ABOUT_RETURN_TYPE = YES;
				GCC_WARN_UNUSED_VARIABLE = YES;
				PREBINDING = NO;
				SDKROOT = macosx10.7;
			};
			name = Debug;
		};
		1DEB914008733D840010E9CD /* Release */ = {
			isa = XCBuildConfiguration;
			buildSettings = {
				GCC_WARN_ABOUT_RETURN_TYPE = YES;
				GCC_WARN_UNUSED_VARIABLE = YES;
				PREBINDING = NO;
				SDKROOT = macosx10.7;
			};
			name = Release;
		};
		36C155ED1575A5E20090EC48 /* Debug */ = {
			isa = XCBuildConfiguration;
			buildSettings = {
				ALWAYS_SEARCH_USER_PATHS = NO;
				ARCHS = "$(ONLY_ACTIVE_ARCH_PRE_XCODE_3_1)";
				COPY_PHASE_STRIP = NO;
				GCC_C_LANGUAGE_STANDARD = gnu99;
				GCC_DYNAMIC_NO_PIC = NO;
				GCC_ENABLE_OBJC_EXCEPTIONS = YES;
				GCC_OPTIMIZATION_LEVEL = 0;
				GCC_PRECOMPILE_PREFIX_HEADER = YES;
				GCC_PREFIX_HEADER = "FSSnapshot/FSSnapshot-Prefix.pch";
				GCC_PREPROCESSOR_DEFINITIONS = (
					"DEBUG=1",
					"$(inherited)",
				);
				GCC_SYMBOLS_PRIVATE_EXTERN = NO;
				GCC_VERSION = com.apple.compilers.llvm.clang.1_0;
				GCC_WARN_64_TO_32_BIT_CONVERSION = YES;
				GCC_WARN_UNINITIALIZED_AUTOS = YES;
				INFOPLIST_FILE = "FSSnapshot/FSSnapshot-Info.plist";
				INSTALL_PATH = "$(LOCAL_LIBRARY_DIR)/Bundles";
				MACOSX_DEPLOYMENT_TARGET = 10.7;
				ONLY_ACTIVE_ARCH_PRE_XCODE_3_1 = "$(NATIVE_ARCH_ACTUAL)";
				PRODUCT_NAME = "$(TARGET_NAME)";
				SDKROOT = macosx10.7;
				WRAPPER_EXTENSION = bundle;
			};
			name = Debug;
		};
		36C155EE1575A5E20090EC48 /* Release */ = {
			isa = XCBuildConfiguration;
			buildSettings = {
				ALWAYS_SEARCH_USER_PATHS = NO;
				ARCHS = "$(ARCHS_STANDARD_32_64_BIT_PRE_XCODE_3_1)";
				ARCHS_STANDARD_32_64_BIT_PRE_XCODE_3_1 = "x86_64 i386 ppc";
				COPY_PHASE_STRIP = YES;
				DEBUG_INFORMATION_FORMAT = "dwarf-with-dsym";
				GCC_C_LANGUAGE_STANDARD = gnu99;
				GCC_ENABLE_OBJC_EXCEPTIONS = YES;
				GCC_PRECOMPILE_PREFIX_HEADER = YES;
				GCC_PREFIX_HEADER = "FSSnapshot/FSSnapshot-Prefix.pch";
				GCC_VERSION = com.apple.compilers.llvm.clang.1_0;
				GCC_WARN_64_TO_32_BIT_CONVERSION = YES;
				GCC_WARN_UNINITIALIZED_AUTOS = YES;
				INFOPLIST_FILE = "FSSnapshot/FSSnapshot-Info.plist";
				INSTALL_PATH = "$(LOCAL_LIBRARY_DIR)/Bundles";
				MACOSX_DEPLOYMENT_TARGET = 10.7;
				PRODUCT_NAME = "$(TARGET_NAME)";
				SDKROOT = macosx10.7;
				WRAPPER_EXTENSION = bundle;
			};
			name = Release;
		};
/* End XCBuildConfiguration section */

/* Begin XCConfigurationList section */
		1DEB913E08733D840010E9CD /* Build configuration list for PBXProject "FSSnapshot" */ = {
			isa = XCConfigurationList;
			buildConfigurations = (
				1DEB913F08733D840010E9CD /* Debug */,
				1DEB914008733D840010E9CD /* Release */,
			);
			defaultConfigurationIsVisible = 0;
			defaultConfigurationName = Release;
		};
		36C155EC1575A5E20090EC48 /* Build configuration list for PBXNativeTarget "FSSnapshotTool" */ = {
			isa = XCConfigurationList;
			buildConfigurations = (
				36C155ED1575A5E20090EC48 /* Debug */,
				36C155EE1575A5E20090EC48 /* Release */,
			);
			defaultConfigurationIsVisible = 0;
		};
/* End XCConfigurationList section */
	};
	rootObject = 089C1669FE841209C02AAC07 /* Project object */;
}
