// !$*UTF8*$!
{
	archiveVersion = 1;
	classes = {
	};
	objectVersion = 46;
	objects = {

/* Begin PBXBuildFile section */
		360A22DB1573E5C400BF41B2 /* FSColor.m in Sources */ = {isa = PBXBuildFile; fileRef = 360A22921573E5C400BF41B2 /* FSColor.m */; };
		360A22DC1573E5C400BF41B2 /* FSColorizer.m in Sources */ = {isa = PBXBuildFile; fileRef = 360A22941573E5C400BF41B2 /* FSColorizer.m */; };
		360A22DD1573E5C400BF41B2 /* FSColorOperation.m in Sources */ = {isa = PBXBuildFile; fileRef = 360A22961573E5C400BF41B2 /* FSColorOperation.m */; };
		360A22DE1573E5C400BF41B2 /* FSColorWidget.m in Sources */ = {isa = PBXBuildFile; fileRef = 360A22981573E5C400BF41B2 /* FSColorWidget.m */; };
		360A22DF1573E5C400BF41B2 /* FSBrowser.m in Sources */ = {isa = PBXBuildFile; fileRef = 360A229C1573E5C400BF41B2 /* FSBrowser.m */; };
		360A22E01573E5C400BF41B2 /* FSDocument.m in Sources */ = {isa = PBXBuildFile; fileRef = 360A229E1573E5C400BF41B2 /* FSDocument.m */; };
		360A22E11573E5C400BF41B2 /* FSPanel.m in Sources */ = {isa = PBXBuildFile; fileRef = 360A22A01573E5C400BF41B2 /* FSPanel.m */; };
		360A22E21573E5C400BF41B2 /* FSSave.m in Sources */ = {isa = PBXBuildFile; fileRef = 360A22A21573E5C400BF41B2 /* FSSave.m */; };
		360A22E31573E5C400BF41B2 /* FSSession.m in Sources */ = {isa = PBXBuildFile; fileRef = 360A22A41573E5C400BF41B2 /* FSSession.m */; };
		360A22E41573E5C400BF41B2 /* FSColorLibraryController.m in Sources */ = {isa = PBXBuildFile; fileRef = 360A22A71573E5C400BF41B2 /* FSColorLibraryController.m */; };
		360A22E51573E5C400BF41B2 /* FSScriptLibraryController.m in Sources */ = {isa = PBXBuildFile; fileRef = 360A22A91573E5C400BF41B2 /* FSScriptLibraryController.m */; };
		360A22E61573E5C400BF41B2 /* FSStartup.m in Sources */ = {isa = PBXBuildFile; fileRef = 360A22AD1573E5C400BF41B2 /* FSStartup.m */; };
		360A22E71573E5C400BF41B2 /* main.m in Sources */ = {isa = PBXBuildFile; fileRef = 360A22AE1573E5C400BF41B2 /* main.m */; };
		360A22E81573E5C400BF41B2 /* FSCustomDataManager.m in Sources */ = {isa = PBXBuildFile; fileRef = 360A22B11573E5C400BF41B2 /* FSCustomDataManager.m */; };
		360A22EB1573E5C400BF41B2 /* FSScriptEditorController.m in Sources */ = {isa = PBXBuildFile; fileRef = 360A22B81573E5C400BF41B2 /* FSScriptEditorController.m */; };
		360A22EF1573E5C400BF41B2 /* CircularOverwriteBuffer.m in Sources */ = {isa = PBXBuildFile; fileRef = 360A22C21573E5C400BF41B2 /* CircularOverwriteBuffer.m */; };
		360A22F01573E5C400BF41B2 /* FSLog.m in Sources */ = {isa = PBXBuildFile; fileRef = 360A22C41573E5C400BF41B2 /* FSLog.m */; };
		360A22F11573E5C400BF41B2 /* debug.c in Sources */ = {isa = PBXBuildFile; fileRef = 360A22C61573E5C400BF41B2 /* debug.c */; };
		360A22F21573E5C400BF41B2 /* FSCursors.m in Sources */ = {isa = PBXBuildFile; fileRef = 360A22C91573E5C400BF41B2 /* FSCursors.m */; };
		360A22F31573E5C400BF41B2 /* FSFullscreenWindow.m in Sources */ = {isa = PBXBuildFile; fileRef = 360A22CB1573E5C400BF41B2 /* FSFullscreenWindow.m */; };
		360A22F41573E5C400BF41B2 /* FSRenderer.m in Sources */ = {isa = PBXBuildFile; fileRef = 360A22CD1573E5C400BF41B2 /* FSRenderer.m */; };
		360A22F51573E5C400BF41B2 /* FSRenderOperation.m in Sources */ = {isa = PBXBuildFile; fileRef = 360A22CF1573E5C400BF41B2 /* FSRenderOperation.m */; };
		360A22F61573E5C400BF41B2 /* FSThreading.m in Sources */ = {isa = PBXBuildFile; fileRef = 360A22D21573E5C400BF41B2 /* FSThreading.m */; };
		360A22F71573E5C400BF41B2 /* FSTools.m in Sources */ = {isa = PBXBuildFile; fileRef = 360A22D61573E5C400BF41B2 /* FSTools.m */; };
		360A22F81573E5C400BF41B2 /* FSViewer.m in Sources */ = {isa = PBXBuildFile; fileRef = 360A22D91573E5C400BF41B2 /* FSViewer.m */; };
		360A22FB1573E5F300BF41B2 /* ZoomIn.tiff in Resources */ = {isa = PBXBuildFile; fileRef = 360A22FA1573E5F300BF41B2 /* ZoomIn.tiff */; };
		360A22FE1573E61A00BF41B2 /* julia.icns in Resources */ = {isa = PBXBuildFile; fileRef = 360A22FC1573E61A00BF41B2 /* julia.icns */; };
		360A22FF1573E61A00BF41B2 /* mandelbrot.icns in Resources */ = {isa = PBXBuildFile; fileRef = 360A22FD1573E61A00BF41B2 /* mandelbrot.icns */; };
		36118EB815759D18005D2C05 /* FSTraceTool.fstool in Copy Files (Tools) */ = {isa = PBXBuildFile; fileRef = 36D36ADA15759C0E00F78D74 /* FSTraceTool.fstool */; };
		36118EB915759D18005D2C05 /* FSPreviewTool.fstool in Copy Files (Tools) */ = {isa = PBXBuildFile; fileRef = 36D36AC515759BC300F78D74 /* FSPreviewTool.fstool */; };
		363B77C915BB8209002BD3DF /* FSScriptEditor.m in Sources */ = {isa = PBXBuildFile; fileRef = 363B77C715BB8209002BD3DF /* FSScriptEditor.m */; };
		363B77D415BB9740002BD3DF /* FSScriptLibraryItem.m in Sources */ = {isa = PBXBuildFile; fileRef = 363B77D315BB9740002BD3DF /* FSScriptLibraryItem.m */; };
		363B77D715BB9BE5002BD3DF /* FSScriptEditorState.m in Sources */ = {isa = PBXBuildFile; fileRef = 363B77D615BB9BE5002BD3DF /* FSScriptEditorState.m */; };
		36425FC015A3CCC7004A622C /* FSGradient.m in Sources */ = {isa = PBXBuildFile; fileRef = 36425FBF15A3CCC7004A622C /* FSGradient.m */; };
		36425FC315A3CD08004A622C /* FSGradientControl.m in Sources */ = {isa = PBXBuildFile; fileRef = 36425FC215A3CD07004A622C /* FSGradientControl.m */; };
		364EDF0D157594E200E89B5B /* FSDocument.xib in Resources */ = {isa = PBXBuildFile; fileRef = 364EDF0B157594E200E89B5B /* FSDocument.xib */; };
		364EDF0E157594E200E89B5B /* MainMenu.xib in Resources */ = {isa = PBXBuildFile; fileRef = 364EDF0C157594E200E89B5B /* MainMenu.xib */; };
		3651D29D15A5134A00255FFB /* FSScriptLibrary.m in Sources */ = {isa = PBXBuildFile; fileRef = 3651D29B15A5134A00255FFB /* FSScriptLibrary.m */; };
		365E6D0F15A50F96001B6C2A /* FSScriptLibrary.xib in Resources */ = {isa = PBXBuildFile; fileRef = 365E6D0D15A50F96001B6C2A /* FSScriptLibrary.xib */; };
		368FF177163225A100346C45 /* FractalStreamCompiler.dylib in Frameworks */ = {isa = PBXBuildFile; fileRef = 368FF0F11632257900346C45 /* FractalStreamCompiler.dylib */; };
		36A5B5141574246200569973 /* SDTool.fstool in Copy Files (Tools) */ = {isa = PBXBuildFile; fileRef = 36A5B5111574245100569973 /* SDTool.fstool */; };
		36ADD4A315A526C00045C7B4 /* FSScriptEditor.xib in Resources */ = {isa = PBXBuildFile; fileRef = 36ADD4A115A526C00045C7B4 /* FSScriptEditor.xib */; };
		36C1563A1575A6C30090EC48 /* FSSnapshotTool.bundle in Copy Files (Tools) */ = {isa = PBXBuildFile; fileRef = 36118EB315759C4C005D2C05 /* FSSnapshotTool.bundle */; };
		36D36AB31575980700F78D74 /* FSMovieTool.fstool in Copy Files (Tools) */ = {isa = PBXBuildFile; fileRef = 36A5B505157421CC00569973 /* FSMovieTool.fstool */; };
		36F02924157133A600FEA4A6 /* ab.fs in Copy Files (Quadratic Maps) */ = {isa = PBXBuildFile; fileRef = 364D0AC1157114D700971A37 /* ab.fs */; };
		36F02925157133A600FEA4A6 /* boundary.fs in Copy Files (Quadratic Maps) */ = {isa = PBXBuildFile; fileRef = 364D0AC2157114D700971A37 /* boundary.fs */; };
		36F02926157133A600FEA4A6 /* ext.fs in Copy Files (Quadratic Maps) */ = {isa = PBXBuildFile; fileRef = 364D0AC3157114D700971A37 /* ext.fs */; };
		36F02927157133A600FEA4A6 /* extern.fs in Copy Files (Quadratic Maps) */ = {isa = PBXBuildFile; fileRef = 364D0AC4157114D700971A37 /* extern.fs */; };
		36F02928157133A600FEA4A6 /* Julia.fs in Copy Files (Quadratic Maps) */ = {isa = PBXBuildFile; fileRef = 364D0AC5157114D700971A37 /* Julia.fs */; };
		36F02929157133A600FEA4A6 /* Mandelbrot.fs in Copy Files (Quadratic Maps) */ = {isa = PBXBuildFile; fileRef = 364D0AC6157114D700971A37 /* Mandelbrot.fs */; };
		36F0292A157133A600FEA4A6 /* precrit.fs in Copy Files (Quadratic Maps) */ = {isa = PBXBuildFile; fileRef = 364D0AC7157114D700971A37 /* precrit.fs */; };
		36F0292B157133A600FEA4A6 /* tiles.fs in Copy Files (Quadratic Maps) */ = {isa = PBXBuildFile; fileRef = 364D0AC8157114D700971A37 /* tiles.fs */; };
		36F0292C157133A600FEA4A6 /* tricorn.fs in Copy Files (Quadratic Maps) */ = {isa = PBXBuildFile; fileRef = 364D0AC9157114D700971A37 /* tricorn.fs */; };
		36F0292D157134F200FEA4A6 /* nqsle.fs in Copy Files (Differential Eqns) */ = {isa = PBXBuildFile; fileRef = 364D0AB3157114D700971A37 /* nqsle.fs */; };
		36F0292E157134F200FEA4A6 /* pend.fs in Copy Files (Differential Eqns) */ = {isa = PBXBuildFile; fileRef = 364D0AB4157114D700971A37 /* pend.fs */; };
		36F0292F1571350000FEA4A6 /* auto.fs in Copy Files (Newton's Method) */ = {isa = PBXBuildFile; fileRef = 364D0ABA157114D700971A37 /* auto.fs */; };
		36F029301571350000FEA4A6 /* mandbr.fs in Copy Files (Newton's Method) */ = {isa = PBXBuildFile; fileRef = 364D0ABB157114D700971A37 /* mandbr.fs */; };
		36F029311571350000FEA4A6 /* z3-1.fs in Copy Files (Newton's Method) */ = {isa = PBXBuildFile; fileRef = 364D0ABC157114D700971A37 /* z3-1.fs */; };
		36F029321571351000FEA4A6 /* arcsin.fs in Copy Files (Transcendental Dynamics) */ = {isa = PBXBuildFile; fileRef = 364D0ACD157114D700971A37 /* arcsin.fs */; };
		36F029331571351000FEA4A6 /* arcsinp1.fs in Copy Files (Transcendental Dynamics) */ = {isa = PBXBuildFile; fileRef = 364D0ACE157114D700971A37 /* arcsinp1.fs */; };
		36F029341571351000FEA4A6 /* exp.fs in Copy Files (Transcendental Dynamics) */ = {isa = PBXBuildFile; fileRef = 364D0ACF157114D700971A37 /* exp.fs */; };
		36F029351571351D00FEA4A6 /* henona.fs in Copy Files (Hénon Map) */ = {isa = PBXBuildFile; fileRef = 364D0AB6157114D700971A37 /* henona.fs */; };
		36F029361571351D00FEA4A6 /* henonc.fs in Copy Files (Hénon Map) */ = {isa = PBXBuildFile; fileRef = 364D0AB7157114D700971A37 /* henonc.fs */; };
		36F029371571351D00FEA4A6 /* saddledrop.fs in Copy Files (Hénon Map) */ = {isa = PBXBuildFile; fileRef = 364D0AB8157114D700971A37 /* saddledrop.fs */; };
		36F029381571352900FEA4A6 /* except.fs in Copy Files (Several Complex Variables) */ = {isa = PBXBuildFile; fileRef = 364D0ACB157114D700971A37 /* except.fs */; };
		36F029391571353600FEA4A6 /* mathieu.fs in Copy Files (Other) */ = {isa = PBXBuildFile; fileRef = 364D0ABE157114D700971A37 /* mathieu.fs */; };
		36F0293A1571353600FEA4A6 /* torus.fs in Copy Files (Other) */ = {isa = PBXBuildFile; fileRef = 364D0ABF157114D700971A37 /* torus.fs */; };
		36F029421571360F00FEA4A6 /* ColorLibrary in Resources */ = {isa = PBXBuildFile; fileRef = 36F0293E1571360F00FEA4A6 /* ColorLibrary */; };
		36F029431571362500FEA4A6 /* < please name me >.fscolor in Copy Files (Colors) */ = {isa = PBXBuildFile; fileRef = 36F0293B1571360F00FEA4A6 /* < please name me >.fscolor */; };
		36F029441571362600FEA4A6 /* C13699648.fscolor in Copy Files (Colors) */ = {isa = PBXBuildFile; fileRef = 36F0293C1571360F00FEA4A6 /* C13699648.fscolor */; };
		36F029451571362600FEA4A6 /* C13708784.fscolor in Copy Files (Colors) */ = {isa = PBXBuildFile; fileRef = 36F0293D1571360F00FEA4A6 /* C13708784.fscolor */; };
		36F029461571362600FEA4A6 /* ColorLibrary in Copy Files (Colors) */ = {isa = PBXBuildFile; fileRef = 36F0293E1571360F00FEA4A6 /* ColorLibrary */; };
		683CAB330FD787500071EEAB /* Credits.rtf in Resources */ = {isa = PBXBuildFile; fileRef = 2A37F4B9FDCFA73011CA2CEA /* Credits.rtf */; };
		683CAB340FD787500071EEAB /* InfoPlist.strings in Resources */ = {isa = PBXBuildFile; fileRef = 089C165FFE840EACC02AAC07 /* InfoPlist.strings */; };
		683CAB570FD787500071EEAB /* Cocoa.framework in Frameworks */ = {isa = PBXBuildFile; fileRef = 1058C7A7FEA54F5311CA2CBB /* Cocoa.framework */; };
		688F109A0FD9BED700FAFC60 /* AppKit.framework in Frameworks */ = {isa = PBXBuildFile; fileRef = 2A37F4C4FDCFA73011CA2CEA /* AppKit.framework */; };
		688F109B0FD9BED700FAFC60 /* Foundation.framework in Frameworks */ = {isa = PBXBuildFile; fileRef = 2A37F4C5FDCFA73011CA2CEA /* Foundation.framework */; };
		68A3108E10B3B79D0019C1F8 /* FSDocument-windows.xib in Resources */ = {isa = PBXBuildFile; fileRef = 683942CC10B39DEB00A6A993 /* FSDocument-windows.xib */; };
		68A3108F10B3B79D0019C1F8 /* MainMenu-windows.xib in Resources */ = {isa = PBXBuildFile; fileRef = 683942CE10B39DEB00A6A993 /* MainMenu-windows.xib */; };
		68A3109010B3B79D0019C1F8 /* Info.plist in Resources */ = {isa = PBXBuildFile; fileRef = 8D15AC360486D014006FF6A4 /* Info.plist */; };
		8D15AC2C0486D014006FF6A4 /* Credits.rtf in Resources */ = {isa = PBXBuildFile; fileRef = 2A37F4B9FDCFA73011CA2CEA /* Credits.rtf */; };
		8D15AC2F0486D014006FF6A4 /* InfoPlist.strings in Resources */ = {isa = PBXBuildFile; fileRef = 089C165FFE840EACC02AAC07 /* InfoPlist.strings */; };
		8D15AC340486D014006FF6A4 /* Cocoa.framework in Frameworks */ = {isa = PBXBuildFile; fileRef = 1058C7A7FEA54F5311CA2CBB /* Cocoa.framework */; };
/* End PBXBuildFile section */

/* Begin PBXBuildRule section */
		683CAB9D0FD7878C0071EEAB /* PBXBuildRule */ = {
			isa = PBXBuildRule;
			compilerSpec = org.cocotron.1.0.windows.i386.gcc.default;
			fileType = sourcecode.cpp;
			isEditable = 1;
			outputFiles = (
			);
		};
		683CAB9E0FD7878C0071EEAB /* PBXBuildRule */ = {
			isa = PBXBuildRule;
			compilerSpec = org.cocotron.1.0.windows.i386.gcc.default;
			fileType = sourcecode.c;
			isEditable = 1;
			outputFiles = (
			);
		};
/* End PBXBuildRule section */

/* Begin PBXContainerItemProxy section */
		360A22791573E5B100BF41B2 /* PBXContainerItemProxy */ = {
			isa = PBXContainerItemProxy;
			containerPortal = 360A22611573E5B000BF41B2 /* CrashReporter.xcodeproj */;
			proxyType = 2;
			remoteGlobalIDString = 05E731F30EFA1AAB005EDFB7;
			remoteInfo = "CrashReporter-MacOSX-Static";
		};
		360A227B1573E5B100BF41B2 /* PBXContainerItemProxy */ = {
			isa = PBXContainerItemProxy;
			containerPortal = 360A22611573E5B000BF41B2 /* CrashReporter.xcodeproj */;
			proxyType = 2;
			remoteGlobalIDString = 8DC2EF5B0486A6940098B216;
			remoteInfo = "CrashReporter-MacOSX";
		};
		360A227D1573E5B100BF41B2 /* PBXContainerItemProxy */ = {
			isa = PBXContainerItemProxy;
			containerPortal = 360A22611573E5B000BF41B2 /* CrashReporter.xcodeproj */;
			proxyType = 2;
			remoteGlobalIDString = 058812B91040582D009128FB;
			remoteInfo = "CrashReporter-iPhone";
		};
		360A227F1573E5B100BF41B2 /* PBXContainerItemProxy */ = {
			isa = PBXContainerItemProxy;
			containerPortal = 360A22611573E5B000BF41B2 /* CrashReporter.xcodeproj */;
			proxyType = 2;
			remoteGlobalIDString = 05CD31520EE936A9000FDE88;
			remoteInfo = "CrashReporter-iPhoneOS";
		};
		360A22811573E5B100BF41B2 /* PBXContainerItemProxy */ = {
			isa = PBXContainerItemProxy;
			containerPortal = 360A22611573E5B000BF41B2 /* CrashReporter.xcodeproj */;
			proxyType = 2;
			remoteGlobalIDString = 05CD31630EE93905000FDE88;
			remoteInfo = "CrashReporter-iPhoneSimulator";
		};
		360A22831573E5B100BF41B2 /* PBXContainerItemProxy */ = {
			isa = PBXContainerItemProxy;
			containerPortal = 360A22611573E5B000BF41B2 /* CrashReporter.xcodeproj */;
			proxyType = 2;
			remoteGlobalIDString = 05E731E30EFA1A3E005EDFB7;
			remoteInfo = plcrashutil;
		};
		360A22851573E5B100BF41B2 /* PBXContainerItemProxy */ = {
			isa = PBXContainerItemProxy;
			containerPortal = 360A22611573E5B000BF41B2 /* CrashReporter.xcodeproj */;
			proxyType = 2;
			remoteGlobalIDString = 05CD32690EE93DC3000FDE88;
			remoteInfo = "Tests-MacOSX";
		};
		360A22871573E5B100BF41B2 /* PBXContainerItemProxy */ = {
			isa = PBXContainerItemProxy;
			containerPortal = 360A22611573E5B000BF41B2 /* CrashReporter.xcodeproj */;
			proxyType = 2;
			remoteGlobalIDString = 05CD32A90EE94062000FDE88;
			remoteInfo = "Tests-iPhoneSimulator";
		};
		360A22891573E5B100BF41B2 /* PBXContainerItemProxy */ = {
			isa = PBXContainerItemProxy;
			containerPortal = 360A22611573E5B000BF41B2 /* CrashReporter.xcodeproj */;
			proxyType = 2;
			remoteGlobalIDString = 05CD33240EE94439000FDE88;
			remoteInfo = "Tests-iPhoneOS";
		};
		360A228B1573E5B100BF41B2 /* PBXContainerItemProxy */ = {
			isa = PBXContainerItemProxy;
			containerPortal = 360A22611573E5B000BF41B2 /* CrashReporter.xcodeproj */;
			proxyType = 2;
			remoteGlobalIDString = 05F40CE70EF7AB80008050CF;
			remoteInfo = DemoCrash;
		};
		360A228D1573E5B100BF41B2 /* PBXContainerItemProxy */ = {
			isa = PBXContainerItemProxy;
			containerPortal = 360A22611573E5B000BF41B2 /* CrashReporter.xcodeproj */;
			proxyType = 2;
			remoteGlobalIDString = 050DE24D0F61B80B00152ED3;
			remoteInfo = "Fuzz Testing";
		};
		36118EB215759C4C005D2C05 /* PBXContainerItemProxy */ = {
			isa = PBXContainerItemProxy;
			containerPortal = 36118EAB15759C4C005D2C05 /* FSSnapshot.xcodeproj */;
			proxyType = 2;
			remoteGlobalIDString = 8D5B49B6048680CD000E48DA;
			remoteInfo = FSSnapshotTool;
		};
		368FF0F01632257900346C45 /* PBXContainerItemProxy */ = {
			isa = PBXContainerItemProxy;
			containerPortal = 368FF0B11632257700346C45 /* FractalStreamCompiler.xcodeproj */;
			proxyType = 2;
			remoteGlobalIDString = 36DE7C3215A5027300DCA597;
			remoteInfo = FractalStreamCompiler;
		};
		368FF1751632259600346C45 /* PBXContainerItemProxy */ = {
			isa = PBXContainerItemProxy;
			containerPortal = 368FF0B11632257700346C45 /* FractalStreamCompiler.xcodeproj */;
			proxyType = 1;
			remoteGlobalIDString = 36DE7C3115A5027300DCA597;
			remoteInfo = FractalStreamCompiler;
		};
		36A5B504157421CC00569973 /* PBXContainerItemProxy */ = {
			isa = PBXContainerItemProxy;
			containerPortal = 36A5B4FD157421CC00569973 /* FSMovieTool.xcodeproj */;
			proxyType = 2;
			remoteGlobalIDString = 68DB386A0D63B0C900D018BD;
			remoteInfo = FSMovieTool;
		};
		36A5B507157421E900569973 /* PBXContainerItemProxy */ = {
			isa = PBXContainerItemProxy;
			containerPortal = 36A5B4FD157421CC00569973 /* FSMovieTool.xcodeproj */;
			proxyType = 1;
			remoteGlobalIDString = 8D5B49AC048680CD000E48DA;
			remoteInfo = FSMovieTool;
		};
		36A5B5101574245100569973 /* PBXContainerItemProxy */ = {
			isa = PBXContainerItemProxy;
			containerPortal = 36A5B5091574245000569973 /* SDTool.xcodeproj */;
			proxyType = 2;
			remoteGlobalIDString = 8D5B49B6048680CD000E48DA;
			remoteInfo = SDTool;
		};
		36A5B5121574245900569973 /* PBXContainerItemProxy */ = {
			isa = PBXContainerItemProxy;
			containerPortal = 36A5B5091574245000569973 /* SDTool.xcodeproj */;
			proxyType = 1;
			remoteGlobalIDString = 8D5B49AC048680CD000E48DA;
			remoteInfo = SDTool;
		};
		36C156341575A69C0090EC48 /* PBXContainerItemProxy */ = {
			isa = PBXContainerItemProxy;
			containerPortal = 36118EAB15759C4C005D2C05 /* FSSnapshot.xcodeproj */;
			proxyType = 1;
			remoteGlobalIDString = 36C155E01575A5E20090EC48;
			remoteInfo = FSSnapshotTool;
		};
		36C156361575A6A00090EC48 /* PBXContainerItemProxy */ = {
			isa = PBXContainerItemProxy;
			containerPortal = 36D36ABD15759BC200F78D74 /* FSPreviewTool.xcodeproj */;
			proxyType = 1;
			remoteGlobalIDString = 8D5B49AC048680CD000E48DA;
			remoteInfo = FSPreviewTool;
		};
		36C156381575A6A60090EC48 /* PBXContainerItemProxy */ = {
			isa = PBXContainerItemProxy;
			containerPortal = 36D36AD215759C0D00F78D74 /* FSTraceTool.xcodeproj */;
			proxyType = 1;
			remoteGlobalIDString = 8D5B49AC048680CD000E48DA;
			remoteInfo = FSTraceTool;
		};
		36D36AC415759BC300F78D74 /* PBXContainerItemProxy */ = {
			isa = PBXContainerItemProxy;
			containerPortal = 36D36ABD15759BC200F78D74 /* FSPreviewTool.xcodeproj */;
			proxyType = 2;
			remoteGlobalIDString = 8D5B49B6048680CD000E48DA;
			remoteInfo = FSPreviewTool;
		};
		36D36AD915759C0E00F78D74 /* PBXContainerItemProxy */ = {
			isa = PBXContainerItemProxy;
			containerPortal = 36D36AD215759C0D00F78D74 /* FSTraceTool.xcodeproj */;
			proxyType = 2;
			remoteGlobalIDString = 8D5B49B6048680CD000E48DA;
			remoteInfo = FSTraceTool;
		};
/* End PBXContainerItemProxy section */

/* Begin PBXCopyFilesBuildPhase section */
		6802828E10ABC1900077048E /* Copy Files (Hénon Map) */ = {
			isa = PBXCopyFilesBuildPhase;
			buildActionMask = 2147483647;
			dstPath = "Scripts/Hénon Map";
			dstSubfolderSpec = 13;
			files = (
				36F029351571351D00FEA4A6 /* henona.fs in Copy Files (Hénon Map) */,
				36F029361571351D00FEA4A6 /* henonc.fs in Copy Files (Hénon Map) */,
				36F029371571351D00FEA4A6 /* saddledrop.fs in Copy Files (Hénon Map) */,
			);
			name = "Copy Files (Hénon Map)";
			runOnlyForDeploymentPostprocessing = 0;
		};
		681AF1FA0F69A8C900E8DE1B /* Copy Files (Differential Eqns) */ = {
			isa = PBXCopyFilesBuildPhase;
			buildActionMask = 2147483647;
			comments = "Differential Equations\n";
			dstPath = "Scripts/Differential Equations";
			dstSubfolderSpec = 13;
			files = (
				36F0292D157134F200FEA4A6 /* nqsle.fs in Copy Files (Differential Eqns) */,
				36F0292E157134F200FEA4A6 /* pend.fs in Copy Files (Differential Eqns) */,
			);
			name = "Copy Files (Differential Eqns)";
			runOnlyForDeploymentPostprocessing = 0;
		};
		681AF2020F69A93600E8DE1B /* Copy Files (Newton's Method) */ = {
			isa = PBXCopyFilesBuildPhase;
			buildActionMask = 2147483647;
			dstPath = "Scripts/Newton's Method";
			dstSubfolderSpec = 13;
			files = (
				36F0292F1571350000FEA4A6 /* auto.fs in Copy Files (Newton's Method) */,
				36F029301571350000FEA4A6 /* mandbr.fs in Copy Files (Newton's Method) */,
				36F029311571350000FEA4A6 /* z3-1.fs in Copy Files (Newton's Method) */,
			);
			name = "Copy Files (Newton's Method)";
			runOnlyForDeploymentPostprocessing = 0;
		};
		681AF2030F69A93600E8DE1B /* Copy Files (Other) */ = {
			isa = PBXCopyFilesBuildPhase;
			buildActionMask = 2147483647;
			dstPath = Scripts/Other;
			dstSubfolderSpec = 13;
			files = (
				36F029391571353600FEA4A6 /* mathieu.fs in Copy Files (Other) */,
				36F0293A1571353600FEA4A6 /* torus.fs in Copy Files (Other) */,
			);
			name = "Copy Files (Other)";
			runOnlyForDeploymentPostprocessing = 0;
		};
		681AF2490F69A9CF00E8DE1B /* Copy Files (Quadratic Maps) */ = {
			isa = PBXCopyFilesBuildPhase;
			buildActionMask = 2147483647;
			dstPath = "Scripts/Quadratic Maps";
			dstSubfolderSpec = 13;
			files = (
				36F02924157133A600FEA4A6 /* ab.fs in Copy Files (Quadratic Maps) */,
				36F02925157133A600FEA4A6 /* boundary.fs in Copy Files (Quadratic Maps) */,
				36F02926157133A600FEA4A6 /* ext.fs in Copy Files (Quadratic Maps) */,
				36F02927157133A600FEA4A6 /* extern.fs in Copy Files (Quadratic Maps) */,
				36F02928157133A600FEA4A6 /* Julia.fs in Copy Files (Quadratic Maps) */,
				36F02929157133A600FEA4A6 /* Mandelbrot.fs in Copy Files (Quadratic Maps) */,
				36F0292A157133A600FEA4A6 /* precrit.fs in Copy Files (Quadratic Maps) */,
				36F0292B157133A600FEA4A6 /* tiles.fs in Copy Files (Quadratic Maps) */,
				36F0292C157133A600FEA4A6 /* tricorn.fs in Copy Files (Quadratic Maps) */,
			);
			name = "Copy Files (Quadratic Maps)";
			runOnlyForDeploymentPostprocessing = 0;
		};
		681AF24A0F69A9CF00E8DE1B /* Copy Files (Several Complex Variables) */ = {
			isa = PBXCopyFilesBuildPhase;
			buildActionMask = 2147483647;
			dstPath = "Scripts/Several Complex Variables";
			dstSubfolderSpec = 13;
			files = (
				36F029381571352900FEA4A6 /* except.fs in Copy Files (Several Complex Variables) */,
			);
			name = "Copy Files (Several Complex Variables)";
			runOnlyForDeploymentPostprocessing = 0;
		};
		681AF24B0F69A9CF00E8DE1B /* Copy Files (Transcendental Dynamics) */ = {
			isa = PBXCopyFilesBuildPhase;
			buildActionMask = 2147483647;
			dstPath = "Scripts/Transcendental Dynamics";
			dstSubfolderSpec = 13;
			files = (
				36F029321571351000FEA4A6 /* arcsin.fs in Copy Files (Transcendental Dynamics) */,
				36F029331571351000FEA4A6 /* arcsinp1.fs in Copy Files (Transcendental Dynamics) */,
				36F029341571351000FEA4A6 /* exp.fs in Copy Files (Transcendental Dynamics) */,
			);
			name = "Copy Files (Transcendental Dynamics)";
			runOnlyForDeploymentPostprocessing = 0;
		};
		681AF27A0F69C44100E8DE1B /* Copy Files (Colors) */ = {
			isa = PBXCopyFilesBuildPhase;
			buildActionMask = 2147483647;
			dstPath = Colors;
			dstSubfolderSpec = 13;
			files = (
				36F029431571362500FEA4A6 /* < please name me >.fscolor in Copy Files (Colors) */,
				36F029441571362600FEA4A6 /* C13699648.fscolor in Copy Files (Colors) */,
				36F029451571362600FEA4A6 /* C13708784.fscolor in Copy Files (Colors) */,
				36F029461571362600FEA4A6 /* ColorLibrary in Copy Files (Colors) */,
			);
			name = "Copy Files (Colors)";
			runOnlyForDeploymentPostprocessing = 0;
		};
		681AF3210F6BFC3200E8DE1B /* Copy Files (Tools) */ = {
			isa = PBXCopyFilesBuildPhase;
			buildActionMask = 2147483647;
			dstPath = Tools;
			dstSubfolderSpec = 13;
			files = (
				36C1563A1575A6C30090EC48 /* FSSnapshotTool.bundle in Copy Files (Tools) */,
				36118EB815759D18005D2C05 /* FSTraceTool.fstool in Copy Files (Tools) */,
				36118EB915759D18005D2C05 /* FSPreviewTool.fstool in Copy Files (Tools) */,
				36A5B5141574246200569973 /* SDTool.fstool in Copy Files (Tools) */,
				36D36AB31575980700F78D74 /* FSMovieTool.fstool in Copy Files (Tools) */,
			);
			name = "Copy Files (Tools)";
			runOnlyForDeploymentPostprocessing = 0;
		};
		683CAB550FD787500071EEAB /* Copy Files (Tools) */ = {
			isa = PBXCopyFilesBuildPhase;
			buildActionMask = 2147483647;
			dstPath = Tools;
			dstSubfolderSpec = 13;
			files = (
			);
			name = "Copy Files (Tools)";
			runOnlyForDeploymentPostprocessing = 0;
		};
		683CAB5E0FD787500071EEAB /* Copy Files (Scripts) */ = {
			isa = PBXCopyFilesBuildPhase;
			buildActionMask = 2147483647;
			dstPath = Scripts;
			dstSubfolderSpec = 13;
			files = (
			);
			name = "Copy Files (Scripts)";
			runOnlyForDeploymentPostprocessing = 0;
		};
		683CAB5F0FD787500071EEAB /* Copy Files (Colors) */ = {
			isa = PBXCopyFilesBuildPhase;
			buildActionMask = 2147483647;
			dstPath = Colors;
			dstSubfolderSpec = 13;
			files = (
			);
			name = "Copy Files (Colors)";
			runOnlyForDeploymentPostprocessing = 0;
		};
		683CAB790FD787500071EEAB /* Copy Files (Differential Eqns) */ = {
			isa = PBXCopyFilesBuildPhase;
			buildActionMask = 2147483647;
			comments = "Differential Equations\n";
			dstPath = "Scripts/Differential Equations";
			dstSubfolderSpec = 13;
			files = (
			);
			name = "Copy Files (Differential Eqns)";
			runOnlyForDeploymentPostprocessing = 0;
		};
		683CAB7C0FD787500071EEAB /* Copy Files (Newton's Method) */ = {
			isa = PBXCopyFilesBuildPhase;
			buildActionMask = 2147483647;
			dstPath = "Scripts/Newton's Method";
			dstSubfolderSpec = 13;
			files = (
			);
			name = "Copy Files (Newton's Method)";
			runOnlyForDeploymentPostprocessing = 0;
		};
		683CAB800FD787500071EEAB /* Copy Files (Other) */ = {
			isa = PBXCopyFilesBuildPhase;
			buildActionMask = 2147483647;
			dstPath = Scripts/Other;
			dstSubfolderSpec = 13;
			files = (
			);
			name = "Copy Files (Other)";
			runOnlyForDeploymentPostprocessing = 0;
		};
		683CAB830FD787500071EEAB /* Copy Files (Quadratic Maps) */ = {
			isa = PBXCopyFilesBuildPhase;
			buildActionMask = 2147483647;
			dstPath = "Scripts/Quadratic Maps";
			dstSubfolderSpec = 13;
			files = (
			);
			name = "Copy Files (Quadratic Maps)";
			runOnlyForDeploymentPostprocessing = 0;
		};
		683CAB8D0FD787500071EEAB /* Copy Files (Several Complex Variables) */ = {
			isa = PBXCopyFilesBuildPhase;
			buildActionMask = 2147483647;
			dstPath = "Scripts/Several Complex Variables";
			dstSubfolderSpec = 13;
			files = (
			);
			name = "Copy Files (Several Complex Variables)";
			runOnlyForDeploymentPostprocessing = 0;
		};
		683CAB8F0FD787500071EEAB /* Copy Files (Transcendental Dynamics) */ = {
			isa = PBXCopyFilesBuildPhase;
			buildActionMask = 2147483647;
			dstPath = "Scripts/Transcendental Dynamics";
			dstSubfolderSpec = 13;
			files = (
			);
			name = "Copy Files (Transcendental Dynamics)";
			runOnlyForDeploymentPostprocessing = 0;
		};
/* End PBXCopyFilesBuildPhase section */

/* Begin PBXFileReference section */
		089C1660FE840EACC02AAC07 /* English */ = {isa = PBXFileReference; fileEncoding = 10; lastKnownFileType = text.plist.strings; name = English; path = English.lproj/InfoPlist.strings; sourceTree = "<group>"; };
		1058C7A7FEA54F5311CA2CBB /* Cocoa.framework */ = {isa = PBXFileReference; lastKnownFileType = wrapper.framework; name = Cocoa.framework; path = /System/Library/Frameworks/Cocoa.framework; sourceTree = "<absolute>"; };
		2A37F4BAFDCFA73011CA2CEA /* English */ = {isa = PBXFileReference; lastKnownFileType = text.rtf; name = English; path = English.lproj/Credits.rtf; sourceTree = "<group>"; };
		2A37F4C4FDCFA73011CA2CEA /* AppKit.framework */ = {isa = PBXFileReference; lastKnownFileType = wrapper.framework; name = AppKit.framework; path = /System/Library/Frameworks/AppKit.framework; sourceTree = "<absolute>"; };
		2A37F4C5FDCFA73011CA2CEA /* Foundation.framework */ = {isa = PBXFileReference; lastKnownFileType = wrapper.framework; name = Foundation.framework; path = /System/Library/Frameworks/Foundation.framework; sourceTree = "<absolute>"; };
		360A22611573E5B000BF41B2 /* CrashReporter.xcodeproj */ = {isa = PBXFileReference; lastKnownFileType = "wrapper.pb-project"; name = CrashReporter.xcodeproj; path = "external/plcrashreporter-1.0/CrashReporter.xcodeproj"; sourceTree = "<group>"; };
		360A22911573E5C400BF41B2 /* FSColor.h */ = {isa = PBXFileReference; fileEncoding = 4; lastKnownFileType = sourcecode.c.h; path = FSColor.h; sourceTree = "<group>"; };
		360A22921573E5C400BF41B2 /* FSColor.m */ = {isa = PBXFileReference; fileEncoding = 4; lastKnownFileType = sourcecode.c.objc; path = FSColor.m; sourceTree = "<group>"; };
		360A22931573E5C400BF41B2 /* FSColorizer.h */ = {isa = PBXFileReference; fileEncoding = 4; lastKnownFileType = sourcecode.c.h; path = FSColorizer.h; sourceTree = "<group>"; };
		360A22941573E5C400BF41B2 /* FSColorizer.m */ = {isa = PBXFileReference; fileEncoding = 4; lastKnownFileType = sourcecode.c.objc; path = FSColorizer.m; sourceTree = "<group>"; };
		360A22951573E5C400BF41B2 /* FSColorOperation.h */ = {isa = PBXFileReference; fileEncoding = 4; lastKnownFileType = sourcecode.c.h; path = FSColorOperation.h; sourceTree = "<group>"; };
		360A22961573E5C400BF41B2 /* FSColorOperation.m */ = {isa = PBXFileReference; fileEncoding = 4; lastKnownFileType = sourcecode.c.objc; path = FSColorOperation.m; sourceTree = "<group>"; };
		360A22971573E5C400BF41B2 /* FSColorWidget.h */ = {isa = PBXFileReference; fileEncoding = 4; lastKnownFileType = sourcecode.c.h; path = FSColorWidget.h; sourceTree = "<group>"; };
		360A22981573E5C400BF41B2 /* FSColorWidget.m */ = {isa = PBXFileReference; fileEncoding = 4; lastKnownFileType = sourcecode.c.objc; path = FSColorWidget.m; sourceTree = "<group>"; };
		360A22991573E5C400BF41B2 /* FSCWNamedColors.H */ = {isa = PBXFileReference; fileEncoding = 4; lastKnownFileType = sourcecode.cpp.h; path = FSCWNamedColors.H; sourceTree = "<group>"; };
		360A229B1573E5C400BF41B2 /* FSBrowser.h */ = {isa = PBXFileReference; fileEncoding = 4; lastKnownFileType = sourcecode.c.h; path = FSBrowser.h; sourceTree = "<group>"; };
		360A229C1573E5C400BF41B2 /* FSBrowser.m */ = {isa = PBXFileReference; fileEncoding = 4; lastKnownFileType = sourcecode.c.objc; path = FSBrowser.m; sourceTree = "<group>"; };
		360A229D1573E5C400BF41B2 /* FSDocument.h */ = {isa = PBXFileReference; fileEncoding = 4; lastKnownFileType = sourcecode.c.h; path = FSDocument.h; sourceTree = "<group>"; };
		360A229E1573E5C400BF41B2 /* FSDocument.m */ = {isa = PBXFileReference; fileEncoding = 4; lastKnownFileType = sourcecode.c.objc; path = FSDocument.m; sourceTree = "<group>"; };
		360A229F1573E5C400BF41B2 /* FSPanel.h */ = {isa = PBXFileReference; fileEncoding = 4; lastKnownFileType = sourcecode.c.h; path = FSPanel.h; sourceTree = "<group>"; };
		360A22A01573E5C400BF41B2 /* FSPanel.m */ = {isa = PBXFileReference; fileEncoding = 4; lastKnownFileType = sourcecode.c.objc; path = FSPanel.m; sourceTree = "<group>"; };
		360A22A11573E5C400BF41B2 /* FSSave.h */ = {isa = PBXFileReference; fileEncoding = 4; lastKnownFileType = sourcecode.c.h; path = FSSave.h; sourceTree = "<group>"; };
		360A22A21573E5C400BF41B2 /* FSSave.m */ = {isa = PBXFileReference; fileEncoding = 4; lastKnownFileType = sourcecode.c.objc; path = FSSave.m; sourceTree = "<group>"; };
		360A22A31573E5C400BF41B2 /* FSSession.h */ = {isa = PBXFileReference; fileEncoding = 4; lastKnownFileType = sourcecode.c.h; path = FSSession.h; sourceTree = "<group>"; };
		360A22A41573E5C400BF41B2 /* FSSession.m */ = {isa = PBXFileReference; fileEncoding = 4; lastKnownFileType = sourcecode.c.objc; path = FSSession.m; sourceTree = "<group>"; };
		360A22A61573E5C400BF41B2 /* FSColorLibraryController.h */ = {isa = PBXFileReference; fileEncoding = 4; lastKnownFileType = sourcecode.c.h; path = FSColorLibraryController.h; sourceTree = "<group>"; };
		360A22A71573E5C400BF41B2 /* FSColorLibraryController.m */ = {isa = PBXFileReference; fileEncoding = 4; lastKnownFileType = sourcecode.c.objc; path = FSColorLibraryController.m; sourceTree = "<group>"; };
		360A22A81573E5C400BF41B2 /* FSScriptLibraryController.h */ = {isa = PBXFileReference; fileEncoding = 4; lastKnownFileType = sourcecode.c.h; name = FSScriptLibraryController.h; path = Library/FSScriptLibraryController.h; sourceTree = "<group>"; };
		360A22A91573E5C400BF41B2 /* FSScriptLibraryController.m */ = {isa = PBXFileReference; fileEncoding = 4; lastKnownFileType = sourcecode.c.objc; name = FSScriptLibraryController.m; path = Library/FSScriptLibraryController.m; sourceTree = "<group>"; };
		360A22AB1573E5C400BF41B2 /* FractalStream_Prefix.pch */ = {isa = PBXFileReference; fileEncoding = 4; lastKnownFileType = sourcecode.c.h; path = FractalStream_Prefix.pch; sourceTree = "<group>"; };
		360A22AC1573E5C400BF41B2 /* FSStartup.h */ = {isa = PBXFileReference; fileEncoding = 4; lastKnownFileType = sourcecode.c.h; path = FSStartup.h; sourceTree = "<group>"; };
		360A22AD1573E5C400BF41B2 /* FSStartup.m */ = {isa = PBXFileReference; fileEncoding = 4; lastKnownFileType = sourcecode.c.objc; path = FSStartup.m; sourceTree = "<group>"; };
		360A22AE1573E5C400BF41B2 /* main.m */ = {isa = PBXFileReference; fileEncoding = 4; lastKnownFileType = sourcecode.c.objc; path = main.m; sourceTree = "<group>"; };
		360A22B01573E5C400BF41B2 /* FSCustomDataManager.h */ = {isa = PBXFileReference; fileEncoding = 4; lastKnownFileType = sourcecode.c.h; path = FSCustomDataManager.h; sourceTree = "<group>"; };
		360A22B11573E5C400BF41B2 /* FSCustomDataManager.m */ = {isa = PBXFileReference; fileEncoding = 4; lastKnownFileType = sourcecode.c.objc; path = FSCustomDataManager.m; sourceTree = "<group>"; };
		360A22B71573E5C400BF41B2 /* FSScriptEditorController.h */ = {isa = PBXFileReference; fileEncoding = 4; lastKnownFileType = sourcecode.c.h; name = FSScriptEditorController.h; path = "Program Editor/FSScriptEditorController.h"; sourceTree = "<group>"; };
		360A22B81573E5C400BF41B2 /* FSScriptEditorController.m */ = {isa = PBXFileReference; fileEncoding = 4; lastKnownFileType = sourcecode.c.objc; name = FSScriptEditorController.m; path = "Program Editor/FSScriptEditorController.m"; sourceTree = "<group>"; };
		360A22C11573E5C400BF41B2 /* CircularOverwriteBuffer.h */ = {isa = PBXFileReference; fileEncoding = 4; lastKnownFileType = sourcecode.c.h; path = CircularOverwriteBuffer.h; sourceTree = "<group>"; };
		360A22C21573E5C400BF41B2 /* CircularOverwriteBuffer.m */ = {isa = PBXFileReference; fileEncoding = 4; lastKnownFileType = sourcecode.c.objc; path = CircularOverwriteBuffer.m; sourceTree = "<group>"; };
		360A22C31573E5C400BF41B2 /* FSLog.h */ = {isa = PBXFileReference; fileEncoding = 4; lastKnownFileType = sourcecode.c.h; path = FSLog.h; sourceTree = "<group>"; };
		360A22C41573E5C400BF41B2 /* FSLog.m */ = {isa = PBXFileReference; fileEncoding = 4; lastKnownFileType = sourcecode.c.objc; path = FSLog.m; sourceTree = "<group>"; };
		360A22C61573E5C400BF41B2 /* debug.c */ = {isa = PBXFileReference; fileEncoding = 4; lastKnownFileType = sourcecode.c.c; path = debug.c; sourceTree = "<group>"; };
		360A22C71573E5C400BF41B2 /* debug.h */ = {isa = PBXFileReference; fileEncoding = 4; lastKnownFileType = sourcecode.c.h; path = debug.h; sourceTree = "<group>"; };
		360A22C81573E5C400BF41B2 /* FSCursors.h */ = {isa = PBXFileReference; fileEncoding = 4; lastKnownFileType = sourcecode.c.h; path = FSCursors.h; sourceTree = "<group>"; };
		360A22C91573E5C400BF41B2 /* FSCursors.m */ = {isa = PBXFileReference; fileEncoding = 4; lastKnownFileType = sourcecode.c.objc; path = FSCursors.m; sourceTree = "<group>"; };
		360A22CA1573E5C400BF41B2 /* FSFullscreenWindow.h */ = {isa = PBXFileReference; fileEncoding = 4; lastKnownFileType = sourcecode.c.h; path = FSFullscreenWindow.h; sourceTree = "<group>"; };
		360A22CB1573E5C400BF41B2 /* FSFullscreenWindow.m */ = {isa = PBXFileReference; fileEncoding = 4; lastKnownFileType = sourcecode.c.objc; path = FSFullscreenWindow.m; sourceTree = "<group>"; };
		360A22CC1573E5C400BF41B2 /* FSRenderer.h */ = {isa = PBXFileReference; fileEncoding = 4; lastKnownFileType = sourcecode.c.h; path = FSRenderer.h; sourceTree = "<group>"; };
		360A22CD1573E5C400BF41B2 /* FSRenderer.m */ = {isa = PBXFileReference; fileEncoding = 4; lastKnownFileType = sourcecode.c.objc; path = FSRenderer.m; sourceTree = "<group>"; };
		360A22CE1573E5C400BF41B2 /* FSRenderOperation.h */ = {isa = PBXFileReference; fileEncoding = 4; lastKnownFileType = sourcecode.c.h; path = FSRenderOperation.h; sourceTree = "<group>"; };
		360A22CF1573E5C400BF41B2 /* FSRenderOperation.m */ = {isa = PBXFileReference; fileEncoding = 4; lastKnownFileType = sourcecode.c.objc; path = FSRenderOperation.m; sourceTree = "<group>"; };
		360A22D01573E5C400BF41B2 /* FSRenderUnit.h */ = {isa = PBXFileReference; fileEncoding = 4; lastKnownFileType = sourcecode.c.h; path = FSRenderUnit.h; sourceTree = "<group>"; };
		360A22D11573E5C400BF41B2 /* FSThreading.h */ = {isa = PBXFileReference; fileEncoding = 4; lastKnownFileType = sourcecode.c.h; path = FSThreading.h; sourceTree = "<group>"; };
		360A22D21573E5C400BF41B2 /* FSThreading.m */ = {isa = PBXFileReference; fileEncoding = 4; lastKnownFileType = sourcecode.c.objc; path = FSThreading.m; sourceTree = "<group>"; };
		360A22D41573E5C400BF41B2 /* FSToolInterface.h */ = {isa = PBXFileReference; fileEncoding = 4; lastKnownFileType = sourcecode.c.h; path = FSToolInterface.h; sourceTree = "<group>"; };
		360A22D51573E5C400BF41B2 /* FSTools.h */ = {isa = PBXFileReference; fileEncoding = 4; lastKnownFileType = sourcecode.c.h; path = FSTools.h; sourceTree = "<group>"; };
		360A22D61573E5C400BF41B2 /* FSTools.m */ = {isa = PBXFileReference; fileEncoding = 4; lastKnownFileType = sourcecode.c.objc; path = FSTools.m; sourceTree = "<group>"; };
		360A22D71573E5C400BF41B2 /* FSToolStruct.h */ = {isa = PBXFileReference; fileEncoding = 4; lastKnownFileType = sourcecode.c.h; path = FSToolStruct.h; sourceTree = "<group>"; };
		360A22D81573E5C400BF41B2 /* FSViewer.h */ = {isa = PBXFileReference; fileEncoding = 4; lastKnownFileType = sourcecode.c.h; path = FSViewer.h; sourceTree = "<group>"; };
		360A22D91573E5C400BF41B2 /* FSViewer.m */ = {isa = PBXFileReference; fileEncoding = 4; lastKnownFileType = sourcecode.c.objc; path = FSViewer.m; sourceTree = "<group>"; };
		360A22FA1573E5F300BF41B2 /* ZoomIn.tiff */ = {isa = PBXFileReference; lastKnownFileType = image.tiff; path = ZoomIn.tiff; sourceTree = "<group>"; };
		360A22FC1573E61A00BF41B2 /* julia.icns */ = {isa = PBXFileReference; lastKnownFileType = image.icns; path = julia.icns; sourceTree = "<group>"; };
		360A22FD1573E61A00BF41B2 /* mandelbrot.icns */ = {isa = PBXFileReference; lastKnownFileType = image.icns; path = mandelbrot.icns; sourceTree = "<group>"; };
		360A23021573EC1D00BF41B2 /* libLLVMAsmPrinter.a */ = {isa = PBXFileReference; lastKnownFileType = archive.ar; name = libLLVMAsmPrinter.a; path = "external/llvm-2.5/Release/lib/libLLVMAsmPrinter.a"; sourceTree = "<group>"; };
		360A23041573EC2B00BF41B2 /* LLVMX86AsmPrinter.o */ = {isa = PBXFileReference; lastKnownFileType = "compiled.mach-o.objfile"; name = LLVMX86AsmPrinter.o; path = "external/llvm-2.5/Release/lib/LLVMX86AsmPrinter.o"; sourceTree = "<group>"; };
		360A23061573EC4000BF41B2 /* LLVMX86CodeGen.o */ = {isa = PBXFileReference; lastKnownFileType = "compiled.mach-o.objfile"; name = LLVMX86CodeGen.o; path = "external/llvm-2.5/Release/lib/LLVMX86CodeGen.o"; sourceTree = "<group>"; };
		360A23081573EC6D00BF41B2 /* LLVMExecutionEngine.o */ = {isa = PBXFileReference; lastKnownFileType = "compiled.mach-o.objfile"; name = LLVMExecutionEngine.o; path = "external/llvm-2.5/Release/lib/LLVMExecutionEngine.o"; sourceTree = "<group>"; };
		360A23091573EC6D00BF41B2 /* LLVMJIT.o */ = {isa = PBXFileReference; lastKnownFileType = "compiled.mach-o.objfile"; name = LLVMJIT.o; path = "external/llvm-2.5/Release/lib/LLVMJIT.o"; sourceTree = "<group>"; };
		360A230A1573EC6D00BF41B2 /* LLVMPowerPCAsmPrinter.o */ = {isa = PBXFileReference; lastKnownFileType = "compiled.mach-o.objfile"; name = LLVMPowerPCAsmPrinter.o; path = "external/llvm-2.5/Release/lib/LLVMPowerPCAsmPrinter.o"; sourceTree = "<group>"; };
		360A230B1573EC6D00BF41B2 /* LLVMPowerPCCodeGen.o */ = {isa = PBXFileReference; lastKnownFileType = "compiled.mach-o.objfile"; name = LLVMPowerPCCodeGen.o; path = "external/llvm-2.5/Release/lib/LLVMPowerPCCodeGen.o"; sourceTree = "<group>"; };
		36118EAB15759C4C005D2C05 /* FSSnapshot.xcodeproj */ = {isa = PBXFileReference; lastKnownFileType = "wrapper.pb-project"; name = FSSnapshot.xcodeproj; path = tools/FSSnapshot/FSSnapshot.xcodeproj; sourceTree = "<group>"; };
		36358E1C15A3D9B200F9EB14 /* FSBrowserProtocol.h */ = {isa = PBXFileReference; fileEncoding = 4; lastKnownFileType = sourcecode.c.h; name = FSBrowserProtocol.h; path = include/FSBrowserProtocol.h; sourceTree = "<group>"; };
		363B77C615BB8209002BD3DF /* FSScriptEditor.h */ = {isa = PBXFileReference; fileEncoding = 4; lastKnownFileType = sourcecode.c.h; name = FSScriptEditor.h; path = Document/FSScriptEditor.h; sourceTree = "<group>"; };
		363B77C715BB8209002BD3DF /* FSScriptEditor.m */ = {isa = PBXFileReference; fileEncoding = 4; lastKnownFileType = sourcecode.c.objc; name = FSScriptEditor.m; path = Document/FSScriptEditor.m; sourceTree = "<group>"; };
		363B77D215BB9740002BD3DF /* FSScriptLibraryItem.h */ = {isa = PBXFileReference; fileEncoding = 4; lastKnownFileType = sourcecode.c.h; name = FSScriptLibraryItem.h; path = Library/FSScriptLibraryItem.h; sourceTree = "<group>"; };
		363B77D315BB9740002BD3DF /* FSScriptLibraryItem.m */ = {isa = PBXFileReference; fileEncoding = 4; lastKnownFileType = sourcecode.c.objc; name = FSScriptLibraryItem.m; path = Library/FSScriptLibraryItem.m; sourceTree = "<group>"; };
		363B77D515BB9BE5002BD3DF /* FSScriptEditorState.h */ = {isa = PBXFileReference; fileEncoding = 4; lastKnownFileType = sourcecode.c.h; path = FSScriptEditorState.h; sourceTree = "<group>"; };
		363B77D615BB9BE5002BD3DF /* FSScriptEditorState.m */ = {isa = PBXFileReference; fileEncoding = 4; lastKnownFileType = sourcecode.c.objc; path = FSScriptEditorState.m; sourceTree = "<group>"; };
		36425FB715A3C1B3004A622C /* FSProtocols.h */ = {isa = PBXFileReference; lastKnownFileType = sourcecode.c.h; name = FSProtocols.h; path = include/FSProtocols.h; sourceTree = "<group>"; };
		36425FBD15A3C896004A622C /* FSViewerData.h */ = {isa = PBXFileReference; fileEncoding = 4; lastKnownFileType = sourcecode.c.h; name = FSViewerData.h; path = include/FSViewerData.h; sourceTree = "<group>"; };
		36425FBE15A3CCC6004A622C /* FSGradient.h */ = {isa = PBXFileReference; fileEncoding = 4; lastKnownFileType = sourcecode.c.h; path = FSGradient.h; sourceTree = "<group>"; };
		36425FBF15A3CCC7004A622C /* FSGradient.m */ = {isa = PBXFileReference; fileEncoding = 4; lastKnownFileType = sourcecode.c.objc; path = FSGradient.m; sourceTree = "<group>"; };
		36425FC115A3CD07004A622C /* FSGradientControl.h */ = {isa = PBXFileReference; fileEncoding = 4; lastKnownFileType = sourcecode.c.h; path = FSGradientControl.h; sourceTree = "<group>"; };
		36425FC215A3CD07004A622C /* FSGradientControl.m */ = {isa = PBXFileReference; fileEncoding = 4; lastKnownFileType = sourcecode.c.objc; path = FSGradientControl.m; sourceTree = "<group>"; };
		364D0AB3157114D700971A37 /* nqsle.fs */ = {isa = PBXFileReference; fileEncoding = 4; lastKnownFileType = sourcecode.glsl; path = nqsle.fs; sourceTree = "<group>"; };
		364D0AB4157114D700971A37 /* pend.fs */ = {isa = PBXFileReference; fileEncoding = 4; lastKnownFileType = sourcecode.glsl; path = pend.fs; sourceTree = "<group>"; };
		364D0AB6157114D700971A37 /* henona.fs */ = {isa = PBXFileReference; fileEncoding = 4; lastKnownFileType = sourcecode.glsl; path = henona.fs; sourceTree = "<group>"; };
		364D0AB7157114D700971A37 /* henonc.fs */ = {isa = PBXFileReference; fileEncoding = 4; lastKnownFileType = sourcecode.glsl; path = henonc.fs; sourceTree = "<group>"; };
		364D0AB8157114D700971A37 /* saddledrop.fs */ = {isa = PBXFileReference; fileEncoding = 4; lastKnownFileType = sourcecode.glsl; path = saddledrop.fs; sourceTree = "<group>"; };
		364D0ABA157114D700971A37 /* auto.fs */ = {isa = PBXFileReference; fileEncoding = 4; lastKnownFileType = sourcecode.glsl; path = auto.fs; sourceTree = "<group>"; };
		364D0ABB157114D700971A37 /* mandbr.fs */ = {isa = PBXFileReference; fileEncoding = 4; lastKnownFileType = sourcecode.glsl; path = mandbr.fs; sourceTree = "<group>"; };
		364D0ABC157114D700971A37 /* z3-1.fs */ = {isa = PBXFileReference; fileEncoding = 4; lastKnownFileType = sourcecode.glsl; path = "z3-1.fs"; sourceTree = "<group>"; };
		364D0ABE157114D700971A37 /* mathieu.fs */ = {isa = PBXFileReference; fileEncoding = 4; lastKnownFileType = sourcecode.glsl; path = mathieu.fs; sourceTree = "<group>"; };
		364D0ABF157114D700971A37 /* torus.fs */ = {isa = PBXFileReference; fileEncoding = 4; lastKnownFileType = sourcecode.glsl; path = torus.fs; sourceTree = "<group>"; };
		364D0AC1157114D700971A37 /* ab.fs */ = {isa = PBXFileReference; fileEncoding = 4; lastKnownFileType = sourcecode.glsl; path = ab.fs; sourceTree = "<group>"; };
		364D0AC2157114D700971A37 /* boundary.fs */ = {isa = PBXFileReference; fileEncoding = 4; lastKnownFileType = sourcecode.glsl; path = boundary.fs; sourceTree = "<group>"; };
		364D0AC3157114D700971A37 /* ext.fs */ = {isa = PBXFileReference; fileEncoding = 4; lastKnownFileType = sourcecode.glsl; path = ext.fs; sourceTree = "<group>"; };
		364D0AC4157114D700971A37 /* extern.fs */ = {isa = PBXFileReference; fileEncoding = 4; lastKnownFileType = sourcecode.glsl; path = extern.fs; sourceTree = "<group>"; };
		364D0AC5157114D700971A37 /* Julia.fs */ = {isa = PBXFileReference; fileEncoding = 4; lastKnownFileType = sourcecode.glsl; path = Julia.fs; sourceTree = "<group>"; };
		364D0AC6157114D700971A37 /* Mandelbrot.fs */ = {isa = PBXFileReference; fileEncoding = 4; lastKnownFileType = sourcecode.glsl; path = Mandelbrot.fs; sourceTree = "<group>"; };
		364D0AC7157114D700971A37 /* precrit.fs */ = {isa = PBXFileReference; fileEncoding = 4; lastKnownFileType = sourcecode.glsl; path = precrit.fs; sourceTree = "<group>"; };
		364D0AC8157114D700971A37 /* tiles.fs */ = {isa = PBXFileReference; fileEncoding = 4; lastKnownFileType = sourcecode.glsl; path = tiles.fs; sourceTree = "<group>"; };
		364D0AC9157114D700971A37 /* tricorn.fs */ = {isa = PBXFileReference; fileEncoding = 4; lastKnownFileType = sourcecode.glsl; path = tricorn.fs; sourceTree = "<group>"; };
		364D0ACB157114D700971A37 /* except.fs */ = {isa = PBXFileReference; fileEncoding = 4; lastKnownFileType = sourcecode.glsl; path = except.fs; sourceTree = "<group>"; };
		364D0ACD157114D700971A37 /* arcsin.fs */ = {isa = PBXFileReference; fileEncoding = 4; lastKnownFileType = sourcecode.glsl; path = arcsin.fs; sourceTree = "<group>"; };
		364D0ACE157114D700971A37 /* arcsinp1.fs */ = {isa = PBXFileReference; fileEncoding = 4; lastKnownFileType = sourcecode.glsl; path = arcsinp1.fs; sourceTree = "<group>"; };
		364D0ACF157114D700971A37 /* exp.fs */ = {isa = PBXFileReference; fileEncoding = 4; lastKnownFileType = sourcecode.glsl; path = exp.fs; sourceTree = "<group>"; };
		364EDF0B157594E200E89B5B /* FSDocument.xib */ = {isa = PBXFileReference; fileEncoding = 4; lastKnownFileType = file.xib; path = FSDocument.xib; sourceTree = "<group>"; };
		364EDF0C157594E200E89B5B /* MainMenu.xib */ = {isa = PBXFileReference; fileEncoding = 4; lastKnownFileType = file.xib; path = MainMenu.xib; sourceTree = "<group>"; };
		3651D29A15A5134A00255FFB /* FSScriptLibrary.h */ = {isa = PBXFileReference; fileEncoding = 4; lastKnownFileType = sourcecode.c.h; name = FSScriptLibrary.h; path = Document/FSScriptLibrary.h; sourceTree = "<group>"; };
		3651D29B15A5134A00255FFB /* FSScriptLibrary.m */ = {isa = PBXFileReference; fileEncoding = 4; lastKnownFileType = sourcecode.c.objc; name = FSScriptLibrary.m; path = Document/FSScriptLibrary.m; sourceTree = "<group>"; };
		365E6D0E15A50F96001B6C2A /* English */ = {isa = PBXFileReference; lastKnownFileType = file.xib; name = English; path = English.lproj/FSScriptLibrary.xib; sourceTree = "<group>"; };
		368FF0B11632257700346C45 /* FractalStreamCompiler.xcodeproj */ = {isa = PBXFileReference; lastKnownFileType = "wrapper.pb-project"; name = FractalStreamCompiler.xcodeproj; path = external/FractalStreamCompiler/FractalStreamCompiler.xcodeproj; sourceTree = "<group>"; };
		36A5B4FD157421CC00569973 /* FSMovieTool.xcodeproj */ = {isa = PBXFileReference; lastKnownFileType = "wrapper.pb-project"; name = FSMovieTool.xcodeproj; path = tools/movietool/FSMovieTool.xcodeproj; sourceTree = "<group>"; };
		36A5B5091574245000569973 /* SDTool.xcodeproj */ = {isa = PBXFileReference; lastKnownFileType = "wrapper.pb-project"; name = SDTool.xcodeproj; path = tools/saddledrop/SDTool.xcodeproj; sourceTree = "<group>"; };
		36ADD4A215A526C00045C7B4 /* English */ = {isa = PBXFileReference; lastKnownFileType = file.xib; name = English; path = English.lproj/FSScriptEditor.xib; sourceTree = "<group>"; };
		36D36ABD15759BC200F78D74 /* FSPreviewTool.xcodeproj */ = {isa = PBXFileReference; lastKnownFileType = "wrapper.pb-project"; name = FSPreviewTool.xcodeproj; path = tools/FSPreviewTool/FSPreviewTool.xcodeproj; sourceTree = "<group>"; };
		36D36AD215759C0D00F78D74 /* FSTraceTool.xcodeproj */ = {isa = PBXFileReference; lastKnownFileType = "wrapper.pb-project"; name = FSTraceTool.xcodeproj; path = tools/FSTraceTool/FSTraceTool.xcodeproj; sourceTree = "<group>"; };
		36F0293B1571360F00FEA4A6 /* < please name me >.fscolor */ = {isa = PBXFileReference; lastKnownFileType = file.bplist; name = "< please name me >.fscolor"; path = "Colors/< please name me >.fscolor"; sourceTree = "<group>"; };
		36F0293C1571360F00FEA4A6 /* C13699648.fscolor */ = {isa = PBXFileReference; lastKnownFileType = file.bplist; name = C13699648.fscolor; path = Colors/C13699648.fscolor; sourceTree = "<group>"; };
		36F0293D1571360F00FEA4A6 /* C13708784.fscolor */ = {isa = PBXFileReference; lastKnownFileType = file.bplist; name = C13708784.fscolor; path = Colors/C13708784.fscolor; sourceTree = "<group>"; };
		36F0293E1571360F00FEA4A6 /* ColorLibrary */ = {isa = PBXFileReference; lastKnownFileType = file.bplist; name = ColorLibrary; path = Colors/ColorLibrary; sourceTree = "<group>"; };
		681AF16A0F699B3800E8DE1B /* Info.plist */ = {isa = PBXFileReference; lastKnownFileType = text.plist.xml; path = Info.plist; sourceTree = "<group>"; };
		681AF16C0F699B3800E8DE1B /* FSSnapshotTool */ = {isa = PBXFileReference; lastKnownFileType = "compiled.mach-o.bundle"; path = FSSnapshotTool; sourceTree = "<group>"; };
		681AF16E0F699B3800E8DE1B /* FSSnapshotTool.nib */ = {isa = PBXFileReference; lastKnownFileType = wrapper.nib; path = FSSnapshotTool.nib; sourceTree = "<group>"; };
		681AF1710F699B3800E8DE1B /* Info.plist */ = {isa = PBXFileReference; lastKnownFileType = text.plist.xml; path = Info.plist; sourceTree = "<group>"; };
		681AF1730F699B3800E8DE1B /* FSTraceTool */ = {isa = PBXFileReference; lastKnownFileType = "compiled.mach-o.bundle"; path = FSTraceTool; sourceTree = "<group>"; };
		681AF1750F699B3900E8DE1B /* FSTraceTool.nib */ = {isa = PBXFileReference; lastKnownFileType = wrapper.nib; path = FSTraceTool.nib; sourceTree = "<group>"; };
		683942CD10B39DEB00A6A993 /* English */ = {isa = PBXFileReference; lastKnownFileType = file.xib; name = English; path = "English.lproj/FSDocument-windows.xib"; sourceTree = "<group>"; };
		683942CF10B39DEB00A6A993 /* English */ = {isa = PBXFileReference; lastKnownFileType = file.xib; name = English; path = "English.lproj/MainMenu-windows.xib"; sourceTree = "<group>"; };
		683CAB960FD787500071EEAB /* FractalStream.app */ = {isa = PBXFileReference; explicitFileType = wrapper.application; includeInIndex = 0; path = FractalStream.app; sourceTree = BUILT_PRODUCTS_DIR; };
		8D15AC360486D014006FF6A4 /* Info.plist */ = {isa = PBXFileReference; fileEncoding = 4; lastKnownFileType = text.plist.xml; path = Info.plist; sourceTree = "<group>"; };
		8D15AC370486D014006FF6A4 /* FractalStream.app */ = {isa = PBXFileReference; explicitFileType = wrapper.application; includeInIndex = 0; path = FractalStream.app; sourceTree = BUILT_PRODUCTS_DIR; };
/* End PBXFileReference section */

/* Begin PBXFrameworksBuildPhase section */
		683CAB560FD787500071EEAB /* Frameworks */ = {
			isa = PBXFrameworksBuildPhase;
			buildActionMask = 2147483647;
			files = (
				688F109A0FD9BED700FAFC60 /* AppKit.framework in Frameworks */,
				688F109B0FD9BED700FAFC60 /* Foundation.framework in Frameworks */,
				683CAB570FD787500071EEAB /* Cocoa.framework in Frameworks */,
			);
			runOnlyForDeploymentPostprocessing = 0;
		};
		8D15AC330486D014006FF6A4 /* Frameworks */ = {
			isa = PBXFrameworksBuildPhase;
			buildActionMask = 2147483647;
			files = (
				368FF177163225A100346C45 /* FractalStreamCompiler.dylib in Frameworks */,
				8D15AC340486D014006FF6A4 /* Cocoa.framework in Frameworks */,
			);
			runOnlyForDeploymentPostprocessing = 0;
		};
/* End PBXFrameworksBuildPhase section */

/* Begin PBXGroup section */
		1058C7A6FEA54F5311CA2CBB /* Linked Frameworks */ = {
			isa = PBXGroup;
			children = (
				1058C7A7FEA54F5311CA2CBB /* Cocoa.framework */,
			);
			name = "Linked Frameworks";
			sourceTree = "<group>";
		};
		1058C7A8FEA54F5311CA2CBB /* Other Frameworks */ = {
			isa = PBXGroup;
			children = (
				2A37F4C4FDCFA73011CA2CEA /* AppKit.framework */,
				2A37F4C5FDCFA73011CA2CEA /* Foundation.framework */,
			);
			name = "Other Frameworks";
			sourceTree = "<group>";
		};
		19C28FB0FE9D524F11CA2CBB /* Products */ = {
			isa = PBXGroup;
			children = (
				8D15AC370486D014006FF6A4 /* FractalStream.app */,
				683CAB960FD787500071EEAB /* FractalStream.app */,
			);
			name = Products;
			sourceTree = "<group>";
		};
		2A37F4AAFDCFA73011CA2CEA /* FractalStream */ = {
			isa = PBXGroup;
			children = (
				36425FB615A3C175004A622C /* include */,
				360A228F1573E5C400BF41B2 /* classes */,
				360A22521573E59600BF41B2 /* External */,
				681AF15F0F699B3800E8DE1B /* PlugIns */,
				2A37F4B8FDCFA73011CA2CEA /* Resources */,
				681AF1B80F699DEA00E8DE1B /* Libraries */,
				36F029801573C21700FEA4A6 /* Tools */,
				2A37F4C3FDCFA73011CA2CEA /* Frameworks */,
				19C28FB0FE9D524F11CA2CBB /* Products */,
			);
			name = FractalStream;
			sourceTree = "<group>";
		};
		2A37F4B8FDCFA73011CA2CEA /* Resources */ = {
			isa = PBXGroup;
			children = (
				364EDF0B157594E200E89B5B /* FSDocument.xib */,
				365E6D0D15A50F96001B6C2A /* FSScriptLibrary.xib */,
				364EDF0C157594E200E89B5B /* MainMenu.xib */,
				360A22F91573E5F300BF41B2 /* images */,
				683942CC10B39DEB00A6A993 /* FSDocument-windows.xib */,
				683942CE10B39DEB00A6A993 /* MainMenu-windows.xib */,
				2A37F4B9FDCFA73011CA2CEA /* Credits.rtf */,
				8D15AC360486D014006FF6A4 /* Info.plist */,
				089C165FFE840EACC02AAC07 /* InfoPlist.strings */,
				36ADD4A115A526C00045C7B4 /* FSScriptEditor.xib */,
			);
			name = Resources;
			sourceTree = "<group>";
		};
		2A37F4C3FDCFA73011CA2CEA /* Frameworks */ = {
			isa = PBXGroup;
			children = (
				1058C7A6FEA54F5311CA2CBB /* Linked Frameworks */,
				1058C7A8FEA54F5311CA2CBB /* Other Frameworks */,
			);
			name = Frameworks;
			sourceTree = "<group>";
		};
		360A22521573E59600BF41B2 /* External */ = {
			isa = PBXGroup;
			children = (
				368FF0B11632257700346C45 /* FractalStreamCompiler.xcodeproj */,
				360A22611573E5B000BF41B2 /* CrashReporter.xcodeproj */,
			);
			name = External;
			sourceTree = "<group>";
		};
		360A22621573E5B000BF41B2 /* Products */ = {
			isa = PBXGroup;
			children = (
				360A227A1573E5B100BF41B2 /* libCrashReporter-MacOSX-Static.a */,
				360A227C1573E5B100BF41B2 /* CrashReporter.framework */,
				360A227E1573E5B100BF41B2 /* CrashReporter.framework */,
				360A22801573E5B100BF41B2 /* libCrashReporter-iphoneos.a */,
				360A22821573E5B100BF41B2 /* libCrashReporter.a */,
				360A22841573E5B100BF41B2 /* plcrashutil */,
				360A22861573E5B100BF41B2 /* Tests-MacOSX.octest */,
				360A22881573E5B100BF41B2 /* Tests-iPhoneSimulator.app */,
				360A228A1573E5B100BF41B2 /* Tests-iPhoneOS.app */,
				360A228C1573E5B100BF41B2 /* DemoCrash.app */,
				360A228E1573E5B100BF41B2 /* Fuzz Testing */,
			);
			name = Products;
			sourceTree = "<group>";
		};
		360A228F1573E5C400BF41B2 /* classes */ = {
			isa = PBXGroup;
			children = (
				363B77CE15BB86C3002BD3DF /* UI */,
				360A22901573E5C400BF41B2 /* Color Editor */,
				360A229A1573E5C400BF41B2 /* Document */,
				360A22A51573E5C400BF41B2 /* Library */,
				360A22AA1573E5C400BF41B2 /* Other Sources */,
				360A22AF1573E5C400BF41B2 /* Program Editor */,
				360A22C01573E5C400BF41B2 /* Utility */,
				360A22C51573E5C400BF41B2 /* View */,
			);
			path = classes;
			sourceTree = "<group>";
		};
		360A22901573E5C400BF41B2 /* Color Editor */ = {
			isa = PBXGroup;
			children = (
				360A22911573E5C400BF41B2 /* FSColor.h */,
				360A22921573E5C400BF41B2 /* FSColor.m */,
				360A22931573E5C400BF41B2 /* FSColorizer.h */,
				360A22941573E5C400BF41B2 /* FSColorizer.m */,
				360A22951573E5C400BF41B2 /* FSColorOperation.h */,
				360A22961573E5C400BF41B2 /* FSColorOperation.m */,
				360A22971573E5C400BF41B2 /* FSColorWidget.h */,
				360A22981573E5C400BF41B2 /* FSColorWidget.m */,
				360A22991573E5C400BF41B2 /* FSCWNamedColors.H */,
				36425FBE15A3CCC6004A622C /* FSGradient.h */,
				36425FBF15A3CCC7004A622C /* FSGradient.m */,
				36425FC115A3CD07004A622C /* FSGradientControl.h */,
				36425FC215A3CD07004A622C /* FSGradientControl.m */,
			);
			path = "Color Editor";
			sourceTree = "<group>";
		};
		360A229A1573E5C400BF41B2 /* Document */ = {
			isa = PBXGroup;
			children = (
				360A229B1573E5C400BF41B2 /* FSBrowser.h */,
				360A229C1573E5C400BF41B2 /* FSBrowser.m */,
				360A229D1573E5C400BF41B2 /* FSDocument.h */,
				360A229E1573E5C400BF41B2 /* FSDocument.m */,
				360A229F1573E5C400BF41B2 /* FSPanel.h */,
				360A22A01573E5C400BF41B2 /* FSPanel.m */,
				360A22A11573E5C400BF41B2 /* FSSave.h */,
				360A22A21573E5C400BF41B2 /* FSSave.m */,
				360A22A31573E5C400BF41B2 /* FSSession.h */,
				360A22A41573E5C400BF41B2 /* FSSession.m */,
			);
			path = Document;
			sourceTree = "<group>";
		};
		360A22A51573E5C400BF41B2 /* Library */ = {
			isa = PBXGroup;
			children = (
				360A22A61573E5C400BF41B2 /* FSColorLibraryController.h */,
				360A22A71573E5C400BF41B2 /* FSColorLibraryController.m */,
			);
			path = Library;
			sourceTree = "<group>";
		};
		360A22AA1573E5C400BF41B2 /* Other Sources */ = {
			isa = PBXGroup;
			children = (
				360A22AB1573E5C400BF41B2 /* FractalStream_Prefix.pch */,
				360A22AC1573E5C400BF41B2 /* FSStartup.h */,
				360A22AD1573E5C400BF41B2 /* FSStartup.m */,
				360A22AE1573E5C400BF41B2 /* main.m */,
			);
			path = "Other Sources";
			sourceTree = "<group>";
		};
		360A22AF1573E5C400BF41B2 /* Program Editor */ = {
			isa = PBXGroup;
			children = (
				360A22B01573E5C400BF41B2 /* FSCustomDataManager.h */,
				360A22B11573E5C400BF41B2 /* FSCustomDataManager.m */,
			);
			path = "Program Editor";
			sourceTree = "<group>";
		};
		360A22C01573E5C400BF41B2 /* Utility */ = {
			isa = PBXGroup;
			children = (
				360A22C11573E5C400BF41B2 /* CircularOverwriteBuffer.h */,
				360A22C21573E5C400BF41B2 /* CircularOverwriteBuffer.m */,
				360A22C31573E5C400BF41B2 /* FSLog.h */,
				360A22C41573E5C400BF41B2 /* FSLog.m */,
			);
			path = Utility;
			sourceTree = "<group>";
		};
		360A22C51573E5C400BF41B2 /* View */ = {
			isa = PBXGroup;
			children = (
				360A22C61573E5C400BF41B2 /* debug.c */,
				360A22C71573E5C400BF41B2 /* debug.h */,
				360A22C81573E5C400BF41B2 /* FSCursors.h */,
				360A22C91573E5C400BF41B2 /* FSCursors.m */,
				360A22CA1573E5C400BF41B2 /* FSFullscreenWindow.h */,
				360A22CB1573E5C400BF41B2 /* FSFullscreenWindow.m */,
				360A22CC1573E5C400BF41B2 /* FSRenderer.h */,
				360A22CD1573E5C400BF41B2 /* FSRenderer.m */,
				360A22CE1573E5C400BF41B2 /* FSRenderOperation.h */,
				360A22CF1573E5C400BF41B2 /* FSRenderOperation.m */,
				360A22D01573E5C400BF41B2 /* FSRenderUnit.h */,
				360A22D11573E5C400BF41B2 /* FSThreading.h */,
				360A22D21573E5C400BF41B2 /* FSThreading.m */,
				360A22D41573E5C400BF41B2 /* FSToolInterface.h */,
				360A22D51573E5C400BF41B2 /* FSTools.h */,
				360A22D61573E5C400BF41B2 /* FSTools.m */,
				360A22D71573E5C400BF41B2 /* FSToolStruct.h */,
				360A22D81573E5C400BF41B2 /* FSViewer.h */,
				360A22D91573E5C400BF41B2 /* FSViewer.m */,
			);
			path = View;
			sourceTree = "<group>";
		};
		360A22F91573E5F300BF41B2 /* images */ = {
			isa = PBXGroup;
			children = (
				360A22FC1573E61A00BF41B2 /* julia.icns */,
				360A22FD1573E61A00BF41B2 /* mandelbrot.icns */,
				360A22FA1573E5F300BF41B2 /* ZoomIn.tiff */,
			);
			path = images;
			sourceTree = "<group>";
		};
		36118EAC15759C4C005D2C05 /* Products */ = {
			isa = PBXGroup;
			children = (
				36118EB315759C4C005D2C05 /* FSSnapshotTool.bundle */,
			);
			name = Products;
			sourceTree = "<group>";
		};
		363B77CE15BB86C3002BD3DF /* UI */ = {
			isa = PBXGroup;
			children = (
				363B77CF15BB86CF002BD3DF /* Library */,
				363B77D015BB86D8002BD3DF /* Editor */,
				363B77D115BB8997002BD3DF /* New Group */,
			);
			name = UI;
			sourceTree = "<group>";
		};
		363B77CF15BB86CF002BD3DF /* Library */ = {
			isa = PBXGroup;
			children = (
				3651D29A15A5134A00255FFB /* FSScriptLibrary.h */,
				3651D29B15A5134A00255FFB /* FSScriptLibrary.m */,
				360A22A81573E5C400BF41B2 /* FSScriptLibraryController.h */,
				360A22A91573E5C400BF41B2 /* FSScriptLibraryController.m */,
				363B77D215BB9740002BD3DF /* FSScriptLibraryItem.h */,
				363B77D315BB9740002BD3DF /* FSScriptLibraryItem.m */,
			);
			name = Library;
			sourceTree = "<group>";
		};
		363B77D015BB86D8002BD3DF /* Editor */ = {
			isa = PBXGroup;
			children = (
				363B77C615BB8209002BD3DF /* FSScriptEditor.h */,
				363B77C715BB8209002BD3DF /* FSScriptEditor.m */,
				360A22B71573E5C400BF41B2 /* FSScriptEditorController.h */,
				360A22B81573E5C400BF41B2 /* FSScriptEditorController.m */,
				363B77D515BB9BE5002BD3DF /* FSScriptEditorState.h */,
				363B77D615BB9BE5002BD3DF /* FSScriptEditorState.m */,
			);
			name = Editor;
			sourceTree = "<group>";
		};
		363B77D115BB8997002BD3DF /* New Group */ = {
			isa = PBXGroup;
			children = (
			);
			name = "New Group";
			sourceTree = "<group>";
		};
		36425FB615A3C175004A622C /* include */ = {
			isa = PBXGroup;
			children = (
				36358E1C15A3D9B200F9EB14 /* FSBrowserProtocol.h */,
				36425FBD15A3C896004A622C /* FSViewerData.h */,
				36425FB715A3C1B3004A622C /* FSProtocols.h */,
			);
			name = include;
			sourceTree = "<group>";
		};
		364D0AB1157114D700971A37 /* Scripts */ = {
			isa = PBXGroup;
			children = (
				364D0AB2157114D700971A37 /* Differential Equations */,
				364D0AB5157114D700971A37 /* Hénon Map */,
				364D0AB9157114D700971A37 /* Newton's Method */,
				364D0ABD157114D700971A37 /* Other */,
				364D0AC0157114D700971A37 /* Quadratic Maps */,
				364D0ACA157114D700971A37 /* Several Complex Variables */,
				364D0ACC157114D700971A37 /* Transcendental Dynamics */,
			);
			path = Scripts;
			sourceTree = "<group>";
		};
		364D0AB2157114D700971A37 /* Differential Equations */ = {
			isa = PBXGroup;
			children = (
				364D0AB3157114D700971A37 /* nqsle.fs */,
				364D0AB4157114D700971A37 /* pend.fs */,
			);
			path = "Differential Equations";
			sourceTree = "<group>";
		};
		364D0AB5157114D700971A37 /* Hénon Map */ = {
			isa = PBXGroup;
			children = (
				364D0AB6157114D700971A37 /* henona.fs */,
				364D0AB7157114D700971A37 /* henonc.fs */,
				364D0AB8157114D700971A37 /* saddledrop.fs */,
			);
			path = "Hénon Map";
			sourceTree = "<group>";
		};
		364D0AB9157114D700971A37 /* Newton's Method */ = {
			isa = PBXGroup;
			children = (
				364D0ABA157114D700971A37 /* auto.fs */,
				364D0ABB157114D700971A37 /* mandbr.fs */,
				364D0ABC157114D700971A37 /* z3-1.fs */,
			);
			path = "Newton's Method";
			sourceTree = "<group>";
		};
		364D0ABD157114D700971A37 /* Other */ = {
			isa = PBXGroup;
			children = (
				364D0ABE157114D700971A37 /* mathieu.fs */,
				364D0ABF157114D700971A37 /* torus.fs */,
			);
			path = Other;
			sourceTree = "<group>";
		};
		364D0AC0157114D700971A37 /* Quadratic Maps */ = {
			isa = PBXGroup;
			children = (
				364D0AC1157114D700971A37 /* ab.fs */,
				364D0AC2157114D700971A37 /* boundary.fs */,
				364D0AC3157114D700971A37 /* ext.fs */,
				364D0AC4157114D700971A37 /* extern.fs */,
				364D0AC5157114D700971A37 /* Julia.fs */,
				364D0AC6157114D700971A37 /* Mandelbrot.fs */,
				364D0AC7157114D700971A37 /* precrit.fs */,
				364D0AC8157114D700971A37 /* tiles.fs */,
				364D0AC9157114D700971A37 /* tricorn.fs */,
			);
			path = "Quadratic Maps";
			sourceTree = "<group>";
		};
		364D0ACA157114D700971A37 /* Several Complex Variables */ = {
			isa = PBXGroup;
			children = (
				364D0ACB157114D700971A37 /* except.fs */,
			);
			path = "Several Complex Variables";
			sourceTree = "<group>";
		};
		364D0ACC157114D700971A37 /* Transcendental Dynamics */ = {
			isa = PBXGroup;
			children = (
				364D0ACD157114D700971A37 /* arcsin.fs */,
				364D0ACE157114D700971A37 /* arcsinp1.fs */,
				364D0ACF157114D700971A37 /* exp.fs */,
			);
			path = "Transcendental Dynamics";
			sourceTree = "<group>";
		};
		368FF0B21632257700346C45 /* Products */ = {
			isa = PBXGroup;
			children = (
				368FF0F11632257900346C45 /* FractalStreamCompiler.dylib */,
			);
			name = Products;
			sourceTree = "<group>";
		};
		36A5B4FE157421CC00569973 /* Products */ = {
			isa = PBXGroup;
			children = (
				36A5B505157421CC00569973 /* FSMovieTool.fstool */,
			);
			name = Products;
			sourceTree = "<group>";
		};
		36A5B50A1574245000569973 /* Products */ = {
			isa = PBXGroup;
			children = (
				36A5B5111574245100569973 /* SDTool.fstool */,
			);
			name = Products;
			sourceTree = "<group>";
		};
		36D36ABE15759BC200F78D74 /* Products */ = {
			isa = PBXGroup;
			children = (
				36D36AC515759BC300F78D74 /* FSPreviewTool.fstool */,
			);
			name = Products;
			sourceTree = "<group>";
		};
		36D36AD315759C0D00F78D74 /* Products */ = {
			isa = PBXGroup;
			children = (
				36D36ADA15759C0E00F78D74 /* FSTraceTool.fstool */,
			);
			name = Products;
			sourceTree = "<group>";
		};
		36F029801573C21700FEA4A6 /* Tools */ = {
			isa = PBXGroup;
			children = (
				36118EAB15759C4C005D2C05 /* FSSnapshot.xcodeproj */,
				36D36AD215759C0D00F78D74 /* FSTraceTool.xcodeproj */,
				36D36ABD15759BC200F78D74 /* FSPreviewTool.xcodeproj */,
				36A5B5091574245000569973 /* SDTool.xcodeproj */,
				36A5B4FD157421CC00569973 /* FSMovieTool.xcodeproj */,
			);
			name = Tools;
			sourceTree = "<group>";
		};
		681AF15F0F699B3800E8DE1B /* PlugIns */ = {
			isa = PBXGroup;
			children = (
				364D0AB1157114D700971A37 /* Scripts */,
				681AF1760F699B3900E8DE1B /* Colors */,
				681AF1600F699B3800E8DE1B /* Tools */,
			);
			name = PlugIns;
			sourceTree = "<group>";
		};
		681AF1600F699B3800E8DE1B /* Tools */ = {
			isa = PBXGroup;
			children = (
				681AF1680F699B3800E8DE1B /* FSSnapshotTool.fstool */,
				681AF16F0F699B3800E8DE1B /* FSTraceTool.fstool */,
			);
			name = Tools;
			sourceTree = "<group>";
		};
		681AF1680F699B3800E8DE1B /* FSSnapshotTool.fstool */ = {
			isa = PBXGroup;
			children = (
				681AF1690F699B3800E8DE1B /* Contents */,
			);
			path = FSSnapshotTool.fstool;
			sourceTree = "<group>";
		};
		681AF1690F699B3800E8DE1B /* Contents */ = {
			isa = PBXGroup;
			children = (
				681AF16A0F699B3800E8DE1B /* Info.plist */,
				681AF16B0F699B3800E8DE1B /* MacOS */,
				681AF16D0F699B3800E8DE1B /* Resources */,
			);
			path = Contents;
			sourceTree = "<group>";
		};
		681AF16B0F699B3800E8DE1B /* MacOS */ = {
			isa = PBXGroup;
			children = (
				681AF16C0F699B3800E8DE1B /* FSSnapshotTool */,
			);
			path = MacOS;
			sourceTree = "<group>";
		};
		681AF16D0F699B3800E8DE1B /* Resources */ = {
			isa = PBXGroup;
			children = (
				681AF16E0F699B3800E8DE1B /* FSSnapshotTool.nib */,
			);
			path = Resources;
			sourceTree = "<group>";
		};
		681AF16F0F699B3800E8DE1B /* FSTraceTool.fstool */ = {
			isa = PBXGroup;
			children = (
				681AF1700F699B3800E8DE1B /* Contents */,
			);
			path = FSTraceTool.fstool;
			sourceTree = "<group>";
		};
		681AF1700F699B3800E8DE1B /* Contents */ = {
			isa = PBXGroup;
			children = (
				681AF1710F699B3800E8DE1B /* Info.plist */,
				681AF1720F699B3800E8DE1B /* MacOS */,
				681AF1740F699B3800E8DE1B /* Resources */,
			);
			path = Contents;
			sourceTree = "<group>";
		};
		681AF1720F699B3800E8DE1B /* MacOS */ = {
			isa = PBXGroup;
			children = (
				681AF1730F699B3800E8DE1B /* FSTraceTool */,
			);
			path = MacOS;
			sourceTree = "<group>";
		};
		681AF1740F699B3800E8DE1B /* Resources */ = {
			isa = PBXGroup;
			children = (
				681AF1750F699B3900E8DE1B /* FSTraceTool.nib */,
			);
			path = Resources;
			sourceTree = "<group>";
		};
		681AF1760F699B3900E8DE1B /* Colors */ = {
			isa = PBXGroup;
			children = (
				36F0293B1571360F00FEA4A6 /* < please name me >.fscolor */,
				36F0293C1571360F00FEA4A6 /* C13699648.fscolor */,
				36F0293D1571360F00FEA4A6 /* C13708784.fscolor */,
				36F0293E1571360F00FEA4A6 /* ColorLibrary */,
			);
			name = Colors;
			sourceTree = "<group>";
		};
		681AF1B80F699DEA00E8DE1B /* Libraries */ = {
			isa = PBXGroup;
			children = (
				360A23081573EC6D00BF41B2 /* LLVMExecutionEngine.o */,
				360A23091573EC6D00BF41B2 /* LLVMJIT.o */,
				360A230A1573EC6D00BF41B2 /* LLVMPowerPCAsmPrinter.o */,
				360A230B1573EC6D00BF41B2 /* LLVMPowerPCCodeGen.o */,
				360A23061573EC4000BF41B2 /* LLVMX86CodeGen.o */,
				360A23041573EC2B00BF41B2 /* LLVMX86AsmPrinter.o */,
				360A23021573EC1D00BF41B2 /* libLLVMAsmPrinter.a */,
			);
			name = Libraries;
			sourceTree = "<group>";
		};
/* End PBXGroup section */

/* Begin PBXNativeTarget section */
		683CAB310FD787500071EEAB /* FractalStream-Windows */ = {
			isa = PBXNativeTarget;
			buildConfigurationList = 683CAB930FD787500071EEAB /* Build configuration list for PBXNativeTarget "FractalStream-Windows" */;
			buildPhases = (
				683CAB320FD787500071EEAB /* Resources */,
				683CAB3A0FD787500071EEAB /* Sources */,
				683CAB550FD787500071EEAB /* Copy Files (Tools) */,
				683CAB560FD787500071EEAB /* Frameworks */,
				683CAB5E0FD787500071EEAB /* Copy Files (Scripts) */,
				683CAB5F0FD787500071EEAB /* Copy Files (Colors) */,
				683CAB790FD787500071EEAB /* Copy Files (Differential Eqns) */,
				683CAB7C0FD787500071EEAB /* Copy Files (Newton's Method) */,
				683CAB800FD787500071EEAB /* Copy Files (Other) */,
				683CAB830FD787500071EEAB /* Copy Files (Quadratic Maps) */,
				683CAB8D0FD787500071EEAB /* Copy Files (Several Complex Variables) */,
				683CAB8F0FD787500071EEAB /* Copy Files (Transcendental Dynamics) */,
				683CABA00FD7885F0071EEAB /* ShellScript */,
			);
			buildRules = (
				683CAB9D0FD7878C0071EEAB /* PBXBuildRule */,
				683CAB9E0FD7878C0071EEAB /* PBXBuildRule */,
			);
			dependencies = (
			);
			name = "FractalStream-Windows";
			productInstallPath = "$(HOME)/Applications";
			productName = FractalStream;
			productReference = 683CAB960FD787500071EEAB /* FractalStream.app */;
			productType = "com.apple.product-type.application";
		};
		8D15AC270486D014006FF6A4 /* FractalStream */ = {
			isa = PBXNativeTarget;
			buildConfigurationList = C05733C708A9546B00998B17 /* Build configuration list for PBXNativeTarget "FractalStream" */;
			buildPhases = (
				8D15AC2B0486D014006FF6A4 /* Resources */,
				8D15AC300486D014006FF6A4 /* Sources */,
				681AF3210F6BFC3200E8DE1B /* Copy Files (Tools) */,
				8D15AC330486D014006FF6A4 /* Frameworks */,
				681AF27A0F69C44100E8DE1B /* Copy Files (Colors) */,
				681AF1FA0F69A8C900E8DE1B /* Copy Files (Differential Eqns) */,
				681AF2020F69A93600E8DE1B /* Copy Files (Newton's Method) */,
				681AF2030F69A93600E8DE1B /* Copy Files (Other) */,
				681AF2490F69A9CF00E8DE1B /* Copy Files (Quadratic Maps) */,
				681AF24A0F69A9CF00E8DE1B /* Copy Files (Several Complex Variables) */,
				6802828E10ABC1900077048E /* Copy Files (Hénon Map) */,
				681AF24B0F69A9CF00E8DE1B /* Copy Files (Transcendental Dynamics) */,
			);
			buildRules = (
			);
			dependencies = (
				368FF1761632259600346C45 /* PBXTargetDependency */,
				36C156391575A6A60090EC48 /* PBXTargetDependency */,
				36C156371575A6A00090EC48 /* PBXTargetDependency */,
				36C156351575A69C0090EC48 /* PBXTargetDependency */,
				36A5B5131574245900569973 /* PBXTargetDependency */,
				36A5B508157421E900569973 /* PBXTargetDependency */,
			);
			name = FractalStream;
			productInstallPath = "$(HOME)/Applications";
			productName = FractalStream;
			productReference = 8D15AC370486D014006FF6A4 /* FractalStream.app */;
			productType = "com.apple.product-type.application";
		};
/* End PBXNativeTarget section */

/* Begin PBXProject section */
		2A37F4A9FDCFA73011CA2CEA /* Project object */ = {
			isa = PBXProject;
			attributes = {
				LastUpgradeCheck = 0430;
			};
			buildConfigurationList = C05733CB08A9546B00998B17 /* Build configuration list for PBXProject "FractalStream" */;
			compatibilityVersion = "Xcode 3.2";
			developmentRegion = English;
			hasScannedForEncodings = 1;
			knownRegions = (
				en,
				English,
			);
			mainGroup = 2A37F4AAFDCFA73011CA2CEA /* FractalStream */;
			projectDirPath = "";
			projectReferences = (
				{
					ProductGroup = 360A22621573E5B000BF41B2 /* Products */;
					ProjectRef = 360A22611573E5B000BF41B2 /* CrashReporter.xcodeproj */;
				},
				{
					ProductGroup = 368FF0B21632257700346C45 /* Products */;
					ProjectRef = 368FF0B11632257700346C45 /* FractalStreamCompiler.xcodeproj */;
				},
				{
					ProductGroup = 36A5B4FE157421CC00569973 /* Products */;
					ProjectRef = 36A5B4FD157421CC00569973 /* FSMovieTool.xcodeproj */;
				},
				{
					ProductGroup = 36D36ABE15759BC200F78D74 /* Products */;
					ProjectRef = 36D36ABD15759BC200F78D74 /* FSPreviewTool.xcodeproj */;
				},
				{
					ProductGroup = 36118EAC15759C4C005D2C05 /* Products */;
					ProjectRef = 36118EAB15759C4C005D2C05 /* FSSnapshot.xcodeproj */;
				},
				{
					ProductGroup = 36D36AD315759C0D00F78D74 /* Products */;
					ProjectRef = 36D36AD215759C0D00F78D74 /* FSTraceTool.xcodeproj */;
				},
				{
					ProductGroup = 36A5B50A1574245000569973 /* Products */;
					ProjectRef = 36A5B5091574245000569973 /* SDTool.xcodeproj */;
				},
			);
			projectRoot = "";
			targets = (
				8D15AC270486D014006FF6A4 /* FractalStream */,
				683CAB310FD787500071EEAB /* FractalStream-Windows */,
			);
		};
/* End PBXProject section */

/* Begin PBXReferenceProxy section */
		360A227A1573E5B100BF41B2 /* libCrashReporter-MacOSX-Static.a */ = {
			isa = PBXReferenceProxy;
			fileType = archive.ar;
			path = "libCrashReporter-MacOSX-Static.a";
			remoteRef = 360A22791573E5B100BF41B2 /* PBXContainerItemProxy */;
			sourceTree = BUILT_PRODUCTS_DIR;
		};
		360A227C1573E5B100BF41B2 /* CrashReporter.framework */ = {
			isa = PBXReferenceProxy;
			fileType = wrapper.framework;
			path = CrashReporter.framework;
			remoteRef = 360A227B1573E5B100BF41B2 /* PBXContainerItemProxy */;
			sourceTree = BUILT_PRODUCTS_DIR;
		};
		360A227E1573E5B100BF41B2 /* CrashReporter.framework */ = {
			isa = PBXReferenceProxy;
			fileType = wrapper.framework;
			path = CrashReporter.framework;
			remoteRef = 360A227D1573E5B100BF41B2 /* PBXContainerItemProxy */;
			sourceTree = BUILT_PRODUCTS_DIR;
		};
		360A22801573E5B100BF41B2 /* libCrashReporter-iphoneos.a */ = {
			isa = PBXReferenceProxy;
			fileType = archive.ar;
			path = "libCrashReporter-iphoneos.a";
			remoteRef = 360A227F1573E5B100BF41B2 /* PBXContainerItemProxy */;
			sourceTree = BUILT_PRODUCTS_DIR;
		};
		360A22821573E5B100BF41B2 /* libCrashReporter.a */ = {
			isa = PBXReferenceProxy;
			fileType = archive.ar;
			path = libCrashReporter.a;
			remoteRef = 360A22811573E5B100BF41B2 /* PBXContainerItemProxy */;
			sourceTree = BUILT_PRODUCTS_DIR;
		};
		360A22841573E5B100BF41B2 /* plcrashutil */ = {
			isa = PBXReferenceProxy;
			fileType = "compiled.mach-o.executable";
			path = plcrashutil;
			remoteRef = 360A22831573E5B100BF41B2 /* PBXContainerItemProxy */;
			sourceTree = BUILT_PRODUCTS_DIR;
		};
		360A22861573E5B100BF41B2 /* Tests-MacOSX.octest */ = {
			isa = PBXReferenceProxy;
			fileType = wrapper.cfbundle;
			path = "Tests-MacOSX.octest";
			remoteRef = 360A22851573E5B100BF41B2 /* PBXContainerItemProxy */;
			sourceTree = BUILT_PRODUCTS_DIR;
		};
		360A22881573E5B100BF41B2 /* Tests-iPhoneSimulator.app */ = {
			isa = PBXReferenceProxy;
			fileType = wrapper.application;
			path = "Tests-iPhoneSimulator.app";
			remoteRef = 360A22871573E5B100BF41B2 /* PBXContainerItemProxy */;
			sourceTree = BUILT_PRODUCTS_DIR;
		};
		360A228A1573E5B100BF41B2 /* Tests-iPhoneOS.app */ = {
			isa = PBXReferenceProxy;
			fileType = wrapper.application;
			path = "Tests-iPhoneOS.app";
			remoteRef = 360A22891573E5B100BF41B2 /* PBXContainerItemProxy */;
			sourceTree = BUILT_PRODUCTS_DIR;
		};
		360A228C1573E5B100BF41B2 /* DemoCrash.app */ = {
			isa = PBXReferenceProxy;
			fileType = wrapper.application;
			path = DemoCrash.app;
			remoteRef = 360A228B1573E5B100BF41B2 /* PBXContainerItemProxy */;
			sourceTree = BUILT_PRODUCTS_DIR;
		};
		360A228E1573E5B100BF41B2 /* Fuzz Testing */ = {
			isa = PBXReferenceProxy;
			fileType = "compiled.mach-o.executable";
			path = "Fuzz Testing";
			remoteRef = 360A228D1573E5B100BF41B2 /* PBXContainerItemProxy */;
			sourceTree = BUILT_PRODUCTS_DIR;
		};
		36118EB315759C4C005D2C05 /* FSSnapshotTool.bundle */ = {
			isa = PBXReferenceProxy;
			fileType = wrapper.cfbundle;
			path = FSSnapshotTool.bundle;
			remoteRef = 36118EB215759C4C005D2C05 /* PBXContainerItemProxy */;
			sourceTree = BUILT_PRODUCTS_DIR;
		};
		368FF0F11632257900346C45 /* FractalStreamCompiler.dylib */ = {
			isa = PBXReferenceProxy;
			fileType = "compiled.mach-o.dylib";
			path = FractalStreamCompiler.dylib;
			remoteRef = 368FF0F01632257900346C45 /* PBXContainerItemProxy */;
			sourceTree = BUILT_PRODUCTS_DIR;
		};
		36A5B505157421CC00569973 /* FSMovieTool.fstool */ = {
			isa = PBXReferenceProxy;
			fileType = wrapper.cfbundle;
			path = FSMovieTool.fstool;
			remoteRef = 36A5B504157421CC00569973 /* PBXContainerItemProxy */;
			sourceTree = BUILT_PRODUCTS_DIR;
		};
		36A5B5111574245100569973 /* SDTool.fstool */ = {
			isa = PBXReferenceProxy;
			fileType = wrapper.cfbundle;
			path = SDTool.fstool;
			remoteRef = 36A5B5101574245100569973 /* PBXContainerItemProxy */;
			sourceTree = BUILT_PRODUCTS_DIR;
		};
		36D36AC515759BC300F78D74 /* FSPreviewTool.fstool */ = {
			isa = PBXReferenceProxy;
			fileType = wrapper.cfbundle;
			path = FSPreviewTool.fstool;
			remoteRef = 36D36AC415759BC300F78D74 /* PBXContainerItemProxy */;
			sourceTree = BUILT_PRODUCTS_DIR;
		};
		36D36ADA15759C0E00F78D74 /* FSTraceTool.fstool */ = {
			isa = PBXReferenceProxy;
			fileType = wrapper.cfbundle;
			path = FSTraceTool.fstool;
			remoteRef = 36D36AD915759C0E00F78D74 /* PBXContainerItemProxy */;
			sourceTree = BUILT_PRODUCTS_DIR;
		};
/* End PBXReferenceProxy section */

/* Begin PBXResourcesBuildPhase section */
		683CAB320FD787500071EEAB /* Resources */ = {
			isa = PBXResourcesBuildPhase;
			buildActionMask = 2147483647;
			files = (
				68A3108E10B3B79D0019C1F8 /* FSDocument-windows.xib in Resources */,
				68A3108F10B3B79D0019C1F8 /* MainMenu-windows.xib in Resources */,
				68A3109010B3B79D0019C1F8 /* Info.plist in Resources */,
				683CAB340FD787500071EEAB /* InfoPlist.strings in Resources */,
				683CAB330FD787500071EEAB /* Credits.rtf in Resources */,
			);
			runOnlyForDeploymentPostprocessing = 0;
		};
		8D15AC2B0486D014006FF6A4 /* Resources */ = {
			isa = PBXResourcesBuildPhase;
			buildActionMask = 2147483647;
			files = (
				8D15AC2C0486D014006FF6A4 /* Credits.rtf in Resources */,
				8D15AC2F0486D014006FF6A4 /* InfoPlist.strings in Resources */,
				36F029421571360F00FEA4A6 /* ColorLibrary in Resources */,
				360A22FB1573E5F300BF41B2 /* ZoomIn.tiff in Resources */,
				360A22FE1573E61A00BF41B2 /* julia.icns in Resources */,
				360A22FF1573E61A00BF41B2 /* mandelbrot.icns in Resources */,
				364EDF0D157594E200E89B5B /* FSDocument.xib in Resources */,
				364EDF0E157594E200E89B5B /* MainMenu.xib in Resources */,
				365E6D0F15A50F96001B6C2A /* FSScriptLibrary.xib in Resources */,
				36ADD4A315A526C00045C7B4 /* FSScriptEditor.xib in Resources */,
			);
			runOnlyForDeploymentPostprocessing = 0;
		};
/* End PBXResourcesBuildPhase section */

/* Begin PBXShellScriptBuildPhase section */
		683CABA00FD7885F0071EEAB /* ShellScript */ = {
			isa = PBXShellScriptBuildPhase;
			buildActionMask = 2147483647;
			files = (
			);
			inputPaths = (
			);
			outputPaths = (
			);
			runOnlyForDeploymentPostprocessing = 0;
			shellPath = /bin/sh;
			shellScript = "/Developer/Cocotron/1.0/bin/retargetBundle -framework Foundation -framework AppKit -destination $TARGET_BUILD_DIR\"/\"$EXECUTABLE_FOLDER_PATH";
		};
/* End PBXShellScriptBuildPhase section */

/* Begin PBXSourcesBuildPhase section */
		683CAB3A0FD787500071EEAB /* Sources */ = {
			isa = PBXSourcesBuildPhase;
			buildActionMask = 2147483647;
			files = (
			);
			runOnlyForDeploymentPostprocessing = 0;
		};
		8D15AC300486D014006FF6A4 /* Sources */ = {
			isa = PBXSourcesBuildPhase;
			buildActionMask = 2147483647;
			files = (
				360A22DB1573E5C400BF41B2 /* FSColor.m in Sources */,
				360A22DC1573E5C400BF41B2 /* FSColorizer.m in Sources */,
				360A22DD1573E5C400BF41B2 /* FSColorOperation.m in Sources */,
				360A22DE1573E5C400BF41B2 /* FSColorWidget.m in Sources */,
				360A22DF1573E5C400BF41B2 /* FSBrowser.m in Sources */,
				360A22E01573E5C400BF41B2 /* FSDocument.m in Sources */,
				360A22E11573E5C400BF41B2 /* FSPanel.m in Sources */,
				360A22E21573E5C400BF41B2 /* FSSave.m in Sources */,
				360A22E31573E5C400BF41B2 /* FSSession.m in Sources */,
				360A22E41573E5C400BF41B2 /* FSColorLibraryController.m in Sources */,
				360A22E51573E5C400BF41B2 /* FSScriptLibraryController.m in Sources */,
				360A22E61573E5C400BF41B2 /* FSStartup.m in Sources */,
				360A22E71573E5C400BF41B2 /* main.m in Sources */,
				360A22E81573E5C400BF41B2 /* FSCustomDataManager.m in Sources */,
				360A22EB1573E5C400BF41B2 /* FSScriptEditorController.m in Sources */,
				360A22EF1573E5C400BF41B2 /* CircularOverwriteBuffer.m in Sources */,
				360A22F01573E5C400BF41B2 /* FSLog.m in Sources */,
				360A22F11573E5C400BF41B2 /* debug.c in Sources */,
				360A22F21573E5C400BF41B2 /* FSCursors.m in Sources */,
				360A22F31573E5C400BF41B2 /* FSFullscreenWindow.m in Sources */,
				360A22F41573E5C400BF41B2 /* FSRenderer.m in Sources */,
				360A22F51573E5C400BF41B2 /* FSRenderOperation.m in Sources */,
				360A22F61573E5C400BF41B2 /* FSThreading.m in Sources */,
				360A22F71573E5C400BF41B2 /* FSTools.m in Sources */,
				360A22F81573E5C400BF41B2 /* FSViewer.m in Sources */,
				36425FC015A3CCC7004A622C /* FSGradient.m in Sources */,
				36425FC315A3CD08004A622C /* FSGradientControl.m in Sources */,
				3651D29D15A5134A00255FFB /* FSScriptLibrary.m in Sources */,
				363B77C915BB8209002BD3DF /* FSScriptEditor.m in Sources */,
				363B77D415BB9740002BD3DF /* FSScriptLibraryItem.m in Sources */,
				363B77D715BB9BE5002BD3DF /* FSScriptEditorState.m in Sources */,
			);
			runOnlyForDeploymentPostprocessing = 0;
		};
/* End PBXSourcesBuildPhase section */

/* Begin PBXTargetDependency section */
		368FF1761632259600346C45 /* PBXTargetDependency */ = {
			isa = PBXTargetDependency;
			name = FractalStreamCompiler;
			targetProxy = 368FF1751632259600346C45 /* PBXContainerItemProxy */;
		};
		36A5B508157421E900569973 /* PBXTargetDependency */ = {
			isa = PBXTargetDependency;
			name = FSMovieTool;
			targetProxy = 36A5B507157421E900569973 /* PBXContainerItemProxy */;
		};
		36A5B5131574245900569973 /* PBXTargetDependency */ = {
			isa = PBXTargetDependency;
			name = SDTool;
			targetProxy = 36A5B5121574245900569973 /* PBXContainerItemProxy */;
		};
		36C156351575A69C0090EC48 /* PBXTargetDependency */ = {
			isa = PBXTargetDependency;
			name = FSSnapshotTool;
			targetProxy = 36C156341575A69C0090EC48 /* PBXContainerItemProxy */;
		};
		36C156371575A6A00090EC48 /* PBXTargetDependency */ = {
			isa = PBXTargetDependency;
			name = FSPreviewTool;
			targetProxy = 36C156361575A6A00090EC48 /* PBXContainerItemProxy */;
		};
		36C156391575A6A60090EC48 /* PBXTargetDependency */ = {
			isa = PBXTargetDependency;
			name = FSTraceTool;
			targetProxy = 36C156381575A6A60090EC48 /* PBXContainerItemProxy */;
		};
/* End PBXTargetDependency section */

/* Begin PBXVariantGroup section */
		089C165FFE840EACC02AAC07 /* InfoPlist.strings */ = {
			isa = PBXVariantGroup;
			children = (
				089C1660FE840EACC02AAC07 /* English */,
			);
			name = InfoPlist.strings;
			sourceTree = "<group>";
		};
		2A37F4B9FDCFA73011CA2CEA /* Credits.rtf */ = {
			isa = PBXVariantGroup;
			children = (
				2A37F4BAFDCFA73011CA2CEA /* English */,
			);
			name = Credits.rtf;
			sourceTree = "<group>";
		};
		365E6D0D15A50F96001B6C2A /* FSScriptLibrary.xib */ = {
			isa = PBXVariantGroup;
			children = (
				365E6D0E15A50F96001B6C2A /* English */,
			);
			name = FSScriptLibrary.xib;
			sourceTree = "<group>";
		};
		36ADD4A115A526C00045C7B4 /* FSScriptEditor.xib */ = {
			isa = PBXVariantGroup;
			children = (
				36ADD4A215A526C00045C7B4 /* English */,
			);
			name = FSScriptEditor.xib;
			sourceTree = "<group>";
		};
		683942CC10B39DEB00A6A993 /* FSDocument-windows.xib */ = {
			isa = PBXVariantGroup;
			children = (
				683942CD10B39DEB00A6A993 /* English */,
			);
			name = "FSDocument-windows.xib";
			sourceTree = "<group>";
		};
		683942CE10B39DEB00A6A993 /* MainMenu-windows.xib */ = {
			isa = PBXVariantGroup;
			children = (
				683942CF10B39DEB00A6A993 /* English */,
			);
			name = "MainMenu-windows.xib";
			sourceTree = "<group>";
		};
/* End PBXVariantGroup section */

/* Begin XCBuildConfiguration section */
		683CAB940FD787500071EEAB /* Debug */ = {
			isa = XCBuildConfiguration;
			buildSettings = {
				ALWAYS_SEARCH_USER_PATHS = NO;
				ARCHS = "$(NATIVE_ARCH)";
				COPY_PHASE_STRIP = NO;
				DEBUG_INFORMATION_FORMAT = dwarf;
				EXECUTABLE_FOLDER_PATH = "$(CONTENTS_FOLDER_PATH)/Windows";
				EXECUTABLE_SUFFIX = .exe;
				FRAMEWORK_SEARCH_PATHS = /Developer/Cocotron/1.0/Windows/i386/Frameworks;
				GCC_DYNAMIC_NO_PIC = NO;
				GCC_ENABLE_CPP_RTTI = NO;
				GCC_FAST_OBJC_DISPATCH = NO;
				GCC_MODEL_TUNING = G5;
				GCC_OPTIMIZATION_LEVEL = 0;
				GCC_PLATFORM_DEFINES = "-DWINDOWS";
				GCC_PRECOMPILE_PREFIX_HEADER = NO;
				GCC_PREFIX_HEADER = FractalStream_Prefix.pch;
				GCC_PREPROCESSOR_DEFINITIONS = (
					__MINGW__,
					__STDC_CONSTANT_MACROS,
					LLVM_ON_WIN32,
					__STDC_LIMIT_MACROS,
					_GNU_SOURCE,
					_DEBUG,
				);
				GCC_SYMBOLS_PRIVATE_EXTERN = NO;
				HEADER_SEARCH_PATHS = /Users/noonan/winlib/include;
				INFOPLIST_FILE = /Users/noonan/Desktop/FractalStream/Info.plist;
				INSTALL_PATH = "$(HOME)/Applications";
				LIBRARY_SEARCH_PATHS = (
					/Users/noonan/winlib/local/lib,
					/Users/noonan/winlib/lib,
				);
				OTHER_LDFLAGS = (
					"-lpthread",
					./win/LLVMX86AsmPrinter.o,
					./win/LLVMX86CodeGen.o,
					"-lLLVMAsmPrinter",
					"-lLLVMSelectionDAG",
					./win/LLVMExecutionEngine.o,
					./win/LLVMInterpreter.o,
					./win/LLVMJIT.o,
					"-lLLVMCodeGen",
					"-lLLVMipo",
					"-lLLVMScalarOpts",
					"-lLLVMTransformUtils",
					"-lLLVMipa",
					"-lLLVMAnalysis",
					"-lLLVMTarget",
					"-lLLVMCore",
					"-lLLVMSupport",
					"-lLLVMSystem",
					"-limagehlp",
					"-lpsapi",
					"-Wl",
					"-mconsole",
					"-mwindows",
				);
				PRODUCT_NAME = FractalStream;
				SDKROOT = "";
				SYMROOT = build/Windows;
				USER_HEADER_SEARCH_PATHS = /Users/noonan/winlib/include;
				VALID_ARCHS = i386;
			};
			name = Debug;
		};
		683CAB950FD787500071EEAB /* Release */ = {
			isa = XCBuildConfiguration;
			buildSettings = {
				ALWAYS_SEARCH_USER_PATHS = NO;
				ARCHS = "$(NATIVE_ARCH)";
				DEBUG_INFORMATION_FORMAT = dwarf;
				EXECUTABLE_FOLDER_PATH = "$(CONTENTS_FOLDER_PATH)/Windows";
				EXECUTABLE_SUFFIX = .exe;
				FRAMEWORK_SEARCH_PATHS = /Developer/Cocotron/1.0/Windows/i386/Frameworks;
				GCC_DYNAMIC_NO_PIC = NO;
				GCC_ENABLE_CPP_RTTI = NO;
				GCC_FAST_OBJC_DISPATCH = NO;
				GCC_MODEL_TUNING = G5;
				GCC_PRECOMPILE_PREFIX_HEADER = NO;
				GCC_PREFIX_HEADER = "";
				GCC_PREPROCESSOR_DEFINITIONS = (
					__MINGW__,
					__STDC_CONSTANT_MACROS,
					LLVM_ON_WIN32,
					__STDC_LIMIT_MACROS,
					_GNU_SOURCE,
					_DEBUG,
				);
				GCC_SYMBOLS_PRIVATE_EXTERN = NO;
				GCC_VERSION = "";
				HEADER_SEARCH_PATHS = /Users/noonan/winlib/include;
				INFOPLIST_FILE = /Users/noonan/Desktop/FractalStream/Info.plist;
				INSTALL_PATH = "$(HOME)/Applications";
				LIBRARY_SEARCH_PATHS = (
					/Users/noonan/winlib/local/lib,
					/Users/noonan/winlib/lib,
				);
				MACOSX_DEPLOYMENT_TARGET = "";
				OTHER_LDFLAGS = (
					"-lpthread",
					./win/LLVMX86AsmPrinter.o,
					./win/LLVMX86CodeGen.o,
					"-lLLVMAsmPrinter",
					"-lLLVMSelectionDAG",
					./win/LLVMExecutionEngine.o,
					./win/LLVMInterpreter.o,
					./win/LLVMJIT.o,
					"-lLLVMCodeGen",
					"-lLLVMipo",
					"-lLLVMScalarOpts",
					"-lLLVMTransformUtils",
					"-lLLVMipa",
					"-lLLVMAnalysis",
					"-lLLVMTarget",
					"-lLLVMCore",
					"-lLLVMSupport",
					"-lLLVMSystem",
					"-limagehlp",
					"-lpsapi",
					"-Wl",
					"-mconsole",
					"-mwindows",
				);
				PRECOMPS_INCLUDE_HEADERS_FROM_BUILT_PRODUCTS_DIR = YES;
				PRODUCT_NAME = FractalStream;
				SDKROOT = "";
				SYMROOT = build/Windows;
				USER_HEADER_SEARCH_PATHS = /Users/noonan/winlib/include;
				VALID_ARCHS = i386;
			};
			name = Release;
		};
		C05733C808A9546B00998B17 /* Debug */ = {
			isa = XCBuildConfiguration;
			buildSettings = {
				ALWAYS_SEARCH_USER_PATHS = NO;
				ARCHS = "$(ARCHS_STANDARD_32_BIT)";
				COPY_PHASE_STRIP = NO;
				GCC_DYNAMIC_NO_PIC = NO;
				GCC_MODEL_TUNING = G5;
				GCC_OPTIMIZATION_LEVEL = 0;
				GCC_PRECOMPILE_PREFIX_HEADER = YES;
				GCC_PREFIX_HEADER = "./classes/Other Sources/FractalStream_Prefix.pch";
				HEADER_SEARCH_PATHS = "./external/FractalStreamCompiler/build/$(CONFIGURATION)$(EFFECTIVE_PLATFORM_NAME)/include/";
				INFOPLIST_FILE = Info.plist;
				INSTALL_PATH = "$(HOME)/Applications";
				LIBRARY_SEARCH_PATHS = (
					"\"$(SRCROOT)/external/llvm-2.5/Release/lib\"",
					"$(inherited)",
				);
				MACOSX_DEPLOYMENT_TARGET = 10.4;
				PRODUCT_NAME = FractalStream;
				SDKROOT = macosx;
				VALID_ARCHS = i386;
			};
			name = Debug;
		};
		C05733C908A9546B00998B17 /* Release */ = {
			isa = XCBuildConfiguration;
			buildSettings = {
				ALWAYS_SEARCH_USER_PATHS = NO;
				ARCHS = "$(ARCHS_STANDARD_32_BIT)";
				DEBUG_INFORMATION_FORMAT = "dwarf-with-dsym";
				GCC_MODEL_TUNING = G5;
				GCC_PLATFORM_DEFINES = "";
				GCC_PRECOMPILE_PREFIX_HEADER = YES;
				GCC_PREFIX_HEADER = "./classes/Other Sources/FractalStream_Prefix.pch";
				GCC_PREPROCESSOR_DEFINITIONS = (
					__STDC_CONSTANT_MACROS,
					__STDC_LIMIT_MACROS,
					_GNU_SOURCE,
					_DEBUG,
				);
				HEADER_SEARCH_PATHS = "./external/FractalStreamCompiler/build/$(CONFIGURATION)$(EFFECTIVE_PLATFORM_NAME)/include/";
				INFOPLIST_FILE = Info.plist;
				INSTALL_PATH = "$(HOME)/Applications";
				LIBRARY_SEARCH_PATHS = (
					"\"$(SRCROOT)/external/llvm-2.5/Release/lib\"",
					"$(inherited)",
				);
				MACOSX_DEPLOYMENT_TARGET = 10.4;
				ONLY_ACTIVE_ARCH = NO;
				OTHER_LDFLAGS = (
					"-lLLVMAsmPrinter",
					"-lLLVMSelectionDAG",
					"-lLLVMSystem",
					"-lLLVMSupport",
					"-lLLVMCore",
					"-lLLVMTarget",
					"-lLLVMAnalysis",
					"-lLLVMipa",
					"-lLLVMTransformUtils",
					"-lLLVMScalarOpts",
					"-lLLVMipo",
					"-lLLVMCodeGen",
					"-lm",
					"-lpthread",
				);
				PRODUCT_NAME = FractalStream;
				SDKROOT = macosx;
				STANDARD_C_PLUS_PLUS_LIBRARY_TYPE = dynamic;
				VALID_ARCHS = i386;
			};
			name = Release;
		};
		C05733CC08A9546B00998B17 /* Debug */ = {
			isa = XCBuildConfiguration;
			buildSettings = {
				ARCHS = "$(ARCHS_STANDARD_32_BIT)";
				COPY_PHASE_STRIP = NO;
				GCC_C_LANGUAGE_STANDARD = c99;
				GCC_OPTIMIZATION_LEVEL = 0;
				GCC_PLATFORM_DEFINES = "";
				GCC_PREPROCESSOR_DEFINITIONS = (
					__STDC_CONSTANT_MACROS,
					__STDC_LIMIT_MACROS,
					_GNU_SOURCE,
					_DEBUG,
				);
				GCC_WARN_ABOUT_RETURN_TYPE = YES;
				GCC_WARN_HIDDEN_VIRTUAL_FUNCTIONS = YES;
				GCC_WARN_UNUSED_VARIABLE = YES;
				HEADER_SEARCH_PATHS = (
					/usr/local/include,
					"${SRCROOT}/external/llvm-2.5/include",
					external/FractalStreamCompiler/include,
				);
				LIBRARY_SEARCH_PATHS = /usr/local/lib;
				MACOSX_DEPLOYMENT_TARGET = 10.4;
				ONLY_ACTIVE_ARCH = NO;
				OTHER_LDFLAGS = (
					"-lLLVMAsmPrinter",
					"-lLLVMSelectionDAG",
					"-lLLVMSystem",
					"-lLLVMSupport",
					"-lLLVMCore",
					"-lLLVMTarget",
					"-lLLVMAnalysis",
					"-lLLVMipa",
					"-lLLVMTransformUtils",
					"-lLLVMScalarOpts",
					"-lLLVMipo",
					"-lLLVMCodeGen",
					"-lm",
					"-lpthread",
				);
				SDKROOT = macosx10.6;
				USER_HEADER_SEARCH_PATHS = /usr/local/include;
				VALID_ARCHS = "x86_64 i386";
			};
			name = Debug;
		};
		C05733CD08A9546B00998B17 /* Release */ = {
			isa = XCBuildConfiguration;
			buildSettings = {
				ARCHS = "$(ARCHS_STANDARD_32_BIT)";
				COPY_PHASE_STRIP = YES;
				GCC_C_LANGUAGE_STANDARD = c99;
				GCC_PLATFORM_DEFINES = "";
				GCC_PREPROCESSOR_DEFINITIONS = (
					__STDC_LIMIT_MACROS,
					_GNU_SOURCE,
					_DEBUG,
				);
				GCC_WARN_ABOUT_RETURN_TYPE = YES;
				GCC_WARN_HIDDEN_VIRTUAL_FUNCTIONS = YES;
				GCC_WARN_UNUSED_VARIABLE = YES;
				HEADER_SEARCH_PATHS = (
					/usr/local/include,
					"${SRCROOT}/external/llvm-2.5/include",
					external/FractalStreamCompiler/include,
				);
				LIBRARY_SEARCH_PATHS = /usr/local/lib;
				MACOSX_DEPLOYMENT_TARGET = 10.4;
				ONLY_ACTIVE_ARCH = NO;
				OTHER_LDFLAGS = (
					"-lLLVMAsmPrinter",
					"-lLLVMSelectionDAG",
					"-lLLVMSystem",
					"-lLLVMSupport",
					"-lLLVMCore",
					"-lLLVMTarget",
					"-lLLVMAnalysis",
					"-lLLVMipa",
					"-lLLVMTransformUtils",
					"-lLLVMScalarOpts",
					"-lLLVMipo",
					"-lLLVMCodeGen",
					"-lm",
					"-lpthread",
				);
				SDKROOT = macosx10.6;
				USER_HEADER_SEARCH_PATHS = /usr/local/include;
				VALID_ARCHS = "x86_64 i386";
			};
			name = Release;
		};
/* End XCBuildConfiguration section */

/* Begin XCConfigurationList section */
		683CAB930FD787500071EEAB /* Build configuration list for PBXNativeTarget "FractalStream-Windows" */ = {
			isa = XCConfigurationList;
			buildConfigurations = (
				683CAB940FD787500071EEAB /* Debug */,
				683CAB950FD787500071EEAB /* Release */,
			);
			defaultConfigurationIsVisible = 0;
			defaultConfigurationName = Release;
		};
		C05733C708A9546B00998B17 /* Build configuration list for PBXNativeTarget "FractalStream" */ = {
			isa = XCConfigurationList;
			buildConfigurations = (
				C05733C808A9546B00998B17 /* Debug */,
				C05733C908A9546B00998B17 /* Release */,
			);
			defaultConfigurationIsVisible = 0;
			defaultConfigurationName = Release;
		};
		C05733CB08A9546B00998B17 /* Build configuration list for PBXProject "FractalStream" */ = {
			isa = XCConfigurationList;
			buildConfigurations = (
				C05733CC08A9546B00998B17 /* Debug */,
				C05733CD08A9546B00998B17 /* Release */,
			);
			defaultConfigurationIsVisible = 0;
			defaultConfigurationName = Release;
		};
/* End XCConfigurationList section */
	};
	rootObject = 2A37F4A9FDCFA73011CA2CEA /* Project object */;
}
